<?xml version="1.0" encoding="UTF-8"?>
<Scheme
   LastUpgradeVersion = "0430"
   version = "1.7">
   <BuildAction
      parallelizeBuildables = "YES"
      buildImplicitDependencies = "YES">
      <BuildActionEntries>
         <BuildActionEntry
            buildForTesting = "YES"
            buildForRunning = "YES"
            buildForProfiling = "YES"
            buildForArchiving = "YES"
            buildForAnalyzing = "YES">
            <BuildableReference
               BuildableIdentifier = "primary"
               BlueprintIdentifier = "7846AA13140BAAE100FE58E5"
               BuildableName = "ActiveResourceKit.framework"
               BlueprintName = "ActiveResourceKitFramework"
               ReferencedContainer = "container:ActiveResourceKit.xcodeproj">
            </BuildableReference>
         </BuildActionEntry>
      </BuildActionEntries>
   </BuildAction>
   <TestAction
      selectedDebuggerIdentifier = "Xcode.DebuggerFoundation.Debugger.GDB"
      selectedLauncherIdentifier = "Xcode.DebuggerFoundation.Launcher.GDB"
      shouldUseLaunchSchemeArgsEnv = "NO"
      buildConfiguration = "Debug">
      <PreActions>
         <ExecutionAction
            ActionType = "Xcode.IDEStandardExecutionActionsCore.ExecutionActionType.ShellScriptAction">
            <ActionContent
               title = "Run Script"
               scriptText = "cd &quot;$SRCROOT/active-resource-kit-tests&quot;&#10;&quot;$HOME/.rvm/bin/rvm-shell&quot; -c &quot;bundle exec rake thin:stop db:setup db:fixtures:load thin:start&quot;">
               <EnvironmentBuildable>
                  <BuildableReference
                     BuildableIdentifier = "primary"
                     BlueprintIdentifier = "7846AA2B140BAAE100FE58E5"
                     BuildableName = "ActiveResourceKitFrameworkTests.octest"
                     BlueprintName = "ActiveResourceKitFrameworkTests"
                     ReferencedContainer = "container:ActiveResourceKit.xcodeproj">
                  </BuildableReference>
               </EnvironmentBuildable>
            </ActionContent>
         </ExecutionAction>
      </PreActions>
      <PostActions>
         <ExecutionAction
            ActionType = "Xcode.IDEStandardExecutionActionsCore.ExecutionActionType.ShellScriptAction">
            <ActionContent
               title = "Run Script"
               scriptText = "cd &quot;$SRCROOT/active-resource-kit-tests&quot;&#10;&quot;$HOME/.rvm/bin/rvm-shell&quot; -c &quot;bundle exec rake thin:stop&quot;">
               <EnvironmentBuildable>
                  <BuildableReference
                     BuildableIdentifier = "primary"
                     BlueprintIdentifier = "7846AA2B140BAAE100FE58E5"
                     BuildableName = "ActiveResourceKitFrameworkTests.octest"
                     BlueprintName = "ActiveResourceKitFrameworkTests"
                     ReferencedContainer = "container:ActiveResourceKit.xcodeproj">
                  </BuildableReference>
               </EnvironmentBuildable>
            </ActionContent>
         </ExecutionAction>
      </PostActions>
      <Testables>
         <TestableReference
            skipped = "NO">
            <BuildableReference
               BuildableIdentifier = "primary"
               BlueprintIdentifier = "7846AA2B140BAAE100FE58E5"
               BuildableName = "ActiveResourceKitFrameworkTests.octest"
               BlueprintName = "ActiveResourceKitFrameworkTests"
               ReferencedContainer = "container:ActiveResourceKit.xcodeproj">
            </BuildableReference>
         </TestableReference>
      </Testables>
   </TestAction>
   <LaunchAction
      selectedDebuggerIdentifier = "Xcode.DebuggerFoundation.Debugger.LLDB"
      selectedLauncherIdentifier = "Xcode.DebuggerFoundation.Launcher.LLDB"
      launchStyle = "0"
      useCustomWorkingDirectory = "NO"
      buildConfiguration = "Debug"
      ignoresPersistentStateOnLaunch = "NO"
      debugDocumentVersioning = "YES"
      allowLocationSimulation = "YES">
      <AdditionalOptions>
      </AdditionalOptions>
   </LaunchAction>
   <ProfileAction
      shouldUseLaunchSchemeArgsEnv = "YES"
      savedToolIdentifier = ""
      useCustomWorkingDirectory = "NO"
      buildConfiguration = "Release"
      debugDocumentVersioning = "YES">
   </ProfileAction>
   <AnalyzeAction
      buildConfiguration = "Debug">
   </AnalyzeAction>
   <ArchiveAction
      buildConfiguration = "Release"
      revealArchiveInOrganizer = "YES">
   </ArchiveAction>
</Scheme>
