// !$*UTF8*$!
{
	archiveVersion = 1;
	classes = {
	};
	objectVersion = 46;
	objects = {

/* Begin PBXBuildFile section */
		78054AF914692ABC007E947E /* ActiveResourceKitTests.m in Sources */ = {isa = PBXBuildFile; fileRef = 7846AA3B140BAAE100FE58E5 /* ActiveResourceKitTests.m */; };
		78054AFA14692ABD007E947E /* ActiveResourceKitTests.m in Sources */ = {isa = PBXBuildFile; fileRef = 7846AA3B140BAAE100FE58E5 /* ActiveResourceKitTests.m */; };
		78054AFD14694531007E947E /* VersioningTests.m in Sources */ = {isa = PBXBuildFile; fileRef = 78054AFC14694531007E947E /* VersioningTests.m */; };
		78054AFE14694531007E947E /* VersioningTests.m in Sources */ = {isa = PBXBuildFile; fileRef = 78054AFC14694531007E947E /* VersioningTests.m */; };
		780C11FD14F06D1C007960CF /* NSManagedObject+ActiveResource.h in Headers */ = {isa = PBXBuildFile; fileRef = 780C11FB14F06D1C007960CF /* NSManagedObject+ActiveResource.h */; settings = {ATTRIBUTES = (Public, ); }; };
		780C11FE14F06D1C007960CF /* NSManagedObject+ActiveResource.h in Headers */ = {isa = PBXBuildFile; fileRef = 780C11FB14F06D1C007960CF /* NSManagedObject+ActiveResource.h */; settings = {ATTRIBUTES = (Public, ); }; };
		780C11FF14F06D1C007960CF /* NSManagedObject+ActiveResource.m in Sources */ = {isa = PBXBuildFile; fileRef = 780C11FC14F06D1C007960CF /* NSManagedObject+ActiveResource.m */; };
		780C120014F06D1C007960CF /* NSManagedObject+ActiveResource.m in Sources */ = {isa = PBXBuildFile; fileRef = 780C11FC14F06D1C007960CF /* NSManagedObject+ActiveResource.m */; };
		780D959D14E1264F005689CA /* ARQueuedLoadingURLConnection.h in Headers */ = {isa = PBXBuildFile; fileRef = 780D959B14E1264F005689CA /* ARQueuedLoadingURLConnection.h */; settings = {ATTRIBUTES = (Public, ); }; };
		780D959E14E1264F005689CA /* ARQueuedLoadingURLConnection.h in Headers */ = {isa = PBXBuildFile; fileRef = 780D959B14E1264F005689CA /* ARQueuedLoadingURLConnection.h */; settings = {ATTRIBUTES = (Public, ); }; };
		780D959F14E1264F005689CA /* ARQueuedLoadingURLConnection.m in Sources */ = {isa = PBXBuildFile; fileRef = 780D959C14E1264F005689CA /* ARQueuedLoadingURLConnection.m */; };
		780D95A014E1264F005689CA /* ARQueuedLoadingURLConnection.m in Sources */ = {isa = PBXBuildFile; fileRef = 780D959C14E1264F005689CA /* ARQueuedLoadingURLConnection.m */; };
		780D95A714E12D74005689CA /* ARSynchronousLoadingURLConnection.h in Headers */ = {isa = PBXBuildFile; fileRef = 780D95A514E12D74005689CA /* ARSynchronousLoadingURLConnection.h */; settings = {ATTRIBUTES = (Public, ); }; };
		780D95A814E12D74005689CA /* ARSynchronousLoadingURLConnection.h in Headers */ = {isa = PBXBuildFile; fileRef = 780D95A514E12D74005689CA /* ARSynchronousLoadingURLConnection.h */; settings = {ATTRIBUTES = (Public, ); }; };
		780D95A914E12D74005689CA /* ARSynchronousLoadingURLConnection.m in Sources */ = {isa = PBXBuildFile; fileRef = 780D95A614E12D74005689CA /* ARSynchronousLoadingURLConnection.m */; };
		780D95AA14E12D74005689CA /* ARSynchronousLoadingURLConnection.m in Sources */ = {isa = PBXBuildFile; fileRef = 780D95A614E12D74005689CA /* ARSynchronousLoadingURLConnection.m */; };
		780D95AD14E173B5005689CA /* BaseTests.m in Sources */ = {isa = PBXBuildFile; fileRef = 780D95AC14E173B5005689CA /* BaseTests.m */; };
		780D95AE14E173B5005689CA /* BaseTests.m in Sources */ = {isa = PBXBuildFile; fileRef = 780D95AC14E173B5005689CA /* BaseTests.m */; };
		780D95B114E1D178005689CA /* ARURLConnection.h in Headers */ = {isa = PBXBuildFile; fileRef = 780D95AF14E1D178005689CA /* ARURLConnection.h */; settings = {ATTRIBUTES = (Public, ); }; };
		780D95B214E1D178005689CA /* ARURLConnection.h in Headers */ = {isa = PBXBuildFile; fileRef = 780D95AF14E1D178005689CA /* ARURLConnection.h */; settings = {ATTRIBUTES = (Public, ); }; };
		780D95B314E1D178005689CA /* ARURLConnection.m in Sources */ = {isa = PBXBuildFile; fileRef = 780D95B014E1D178005689CA /* ARURLConnection.m */; };
		780D95B414E1D178005689CA /* ARURLConnection.m in Sources */ = {isa = PBXBuildFile; fileRef = 780D95B014E1D178005689CA /* ARURLConnection.m */; };
		78107B3714DAD54D00662E9B /* CoreData.framework in Frameworks */ = {isa = PBXBuildFile; fileRef = 78107B3614DAD54D00662E9B /* CoreData.framework */; };
		78107B3814DAD59B00662E9B /* CoreData.framework in Frameworks */ = {isa = PBXBuildFile; fileRef = 78107B3614DAD54D00662E9B /* CoreData.framework */; };
		7813AA9B1419270400523ECD /* Foundation.framework in Frameworks */ = {isa = PBXBuildFile; fileRef = 7846AA1C140BAAE100FE58E5 /* Foundation.framework */; };
		7813AAA81419270400523ECD /* SenTestingKit.framework in Frameworks */ = {isa = PBXBuildFile; fileRef = 7846AA2D140BAAE100FE58E5 /* SenTestingKit.framework */; };
		7813AAAB1419270400523ECD /* Foundation.framework in Frameworks */ = {isa = PBXBuildFile; fileRef = 7846AA1C140BAAE100FE58E5 /* Foundation.framework */; };
		78282278146869A3005D9BD2 /* FinderTests.m in Sources */ = {isa = PBXBuildFile; fileRef = 78282273146867F5005D9BD2 /* FinderTests.m */; };
		78282279146869A4005D9BD2 /* FinderTests.m in Sources */ = {isa = PBXBuildFile; fileRef = 78282273146867F5005D9BD2 /* FinderTests.m */; };
		7828228014686A2E005D9BD2 /* Person.m in Sources */ = {isa = PBXBuildFile; fileRef = 7828227F14686A2E005D9BD2 /* Person.m */; };
		7828228114686A2E005D9BD2 /* Person.m in Sources */ = {isa = PBXBuildFile; fileRef = 7828227F14686A2E005D9BD2 /* Person.m */; };
		7828228414686DFD005D9BD2 /* ARTestCase.m in Sources */ = {isa = PBXBuildFile; fileRef = 7828228314686DFD005D9BD2 /* ARTestCase.m */; };
		7828228514686DFD005D9BD2 /* ARTestCase.m in Sources */ = {isa = PBXBuildFile; fileRef = 7828228314686DFD005D9BD2 /* ARTestCase.m */; };
		782B5B1D1421CE6100A74579 /* ActiveSupportKit.framework in Frameworks */ = {isa = PBXBuildFile; fileRef = 782B5B1C1421CE6100A74579 /* ActiveSupportKit.framework */; };
		78326FD5140FE3AA00ECCE7D /* ActiveModelKit.framework in Frameworks */ = {isa = PBXBuildFile; fileRef = 78326FCC140FE38B00ECCE7D /* ActiveModelKit.framework */; };
		7832702F14110B7B00ECCE7D /* ARFormat.h in Headers */ = {isa = PBXBuildFile; fileRef = 7832702E14110B7B00ECCE7D /* ARFormat.h */; settings = {ATTRIBUTES = (Public, ); }; };
		7832703214110BAE00ECCE7D /* ARJSONFormat.h in Headers */ = {isa = PBXBuildFile; fileRef = 7832703014110BAE00ECCE7D /* ARJSONFormat.h */; settings = {ATTRIBUTES = (Public, ); }; };
		7832703314110BAE00ECCE7D /* ARJSONFormat.m in Sources */ = {isa = PBXBuildFile; fileRef = 7832703114110BAE00ECCE7D /* ARJSONFormat.m */; };
		7834B5DD14D167C90062BB04 /* ARIncrementalStore.h in Headers */ = {isa = PBXBuildFile; fileRef = 7834B5DB14D167C90062BB04 /* ARIncrementalStore.h */; settings = {ATTRIBUTES = (Public, ); }; };
		7834B5DE14D167C90062BB04 /* ARIncrementalStore.h in Headers */ = {isa = PBXBuildFile; fileRef = 7834B5DB14D167C90062BB04 /* ARIncrementalStore.h */; settings = {ATTRIBUTES = (Public, ); }; };
		7834B5DF14D167C90062BB04 /* ARIncrementalStore.m in Sources */ = {isa = PBXBuildFile; fileRef = 7834B5DC14D167C90062BB04 /* ARIncrementalStore.m */; };
		7834B5E014D167C90062BB04 /* ARIncrementalStore.m in Sources */ = {isa = PBXBuildFile; fileRef = 7834B5DC14D167C90062BB04 /* ARIncrementalStore.m */; };
		7835BC8F1414C47900CC4B56 /* Versioning.h in Headers */ = {isa = PBXBuildFile; fileRef = 7835BC8D1414C47900CC4B56 /* Versioning.h */; settings = {ATTRIBUTES = (Public, ); }; };
		7835BC901414C47900CC4B56 /* Versioning.m in Sources */ = {isa = PBXBuildFile; fileRef = 7835BC8E1414C47900CC4B56 /* Versioning.m */; };
		78404E6814F17FB1005986CB /* NSEntityDescription+ActiveResource.h in Headers */ = {isa = PBXBuildFile; fileRef = 78404E6614F17FB1005986CB /* NSEntityDescription+ActiveResource.h */; settings = {ATTRIBUTES = (Public, ); }; };
		78404E6914F17FB1005986CB /* NSEntityDescription+ActiveResource.h in Headers */ = {isa = PBXBuildFile; fileRef = 78404E6614F17FB1005986CB /* NSEntityDescription+ActiveResource.h */; settings = {ATTRIBUTES = (Public, ); }; };
		78404E6A14F17FB1005986CB /* NSEntityDescription+ActiveResource.m in Sources */ = {isa = PBXBuildFile; fileRef = 78404E6714F17FB1005986CB /* NSEntityDescription+ActiveResource.m */; };
		78404E6B14F17FB1005986CB /* NSEntityDescription+ActiveResource.m in Sources */ = {isa = PBXBuildFile; fileRef = 78404E6714F17FB1005986CB /* NSEntityDescription+ActiveResource.m */; };
		78440D76141928B000EFBB93 /* ActiveResourceKit.h in Headers */ = {isa = PBXBuildFile; fileRef = 78D3D6FA140BC5A100DD4278 /* ActiveResourceKit.h */; settings = {ATTRIBUTES = (Public, ); }; };
		78440D77141928B000EFBB93 /* ARService.h in Headers */ = {isa = PBXBuildFile; fileRef = 78D3D6F1140BC3B800DD4278 /* ARService.h */; settings = {ATTRIBUTES = (Public, ); }; };
		78440D78141928B000EFBB93 /* ARFormat.h in Headers */ = {isa = PBXBuildFile; fileRef = 7832702E14110B7B00ECCE7D /* ARFormat.h */; settings = {ATTRIBUTES = (Public, ); }; };
		78440D79141928B000EFBB93 /* ARJSONFormat.h in Headers */ = {isa = PBXBuildFile; fileRef = 7832703014110BAE00ECCE7D /* ARJSONFormat.h */; settings = {ATTRIBUTES = (Public, ); }; };
		78440D7A141928B000EFBB93 /* Versioning.h in Headers */ = {isa = PBXBuildFile; fileRef = 7835BC8D1414C47900CC4B56 /* Versioning.h */; settings = {ATTRIBUTES = (Public, ); }; };
		78440D7B141928D100EFBB93 /* ARService.m in Sources */ = {isa = PBXBuildFile; fileRef = 78D3D6F2140BC3B800DD4278 /* ARService.m */; };
		78440D7C141928D100EFBB93 /* ARJSONFormat.m in Sources */ = {isa = PBXBuildFile; fileRef = 7832703114110BAE00ECCE7D /* ARJSONFormat.m */; };
		78440D7D141928D100EFBB93 /* Versioning.m in Sources */ = {isa = PBXBuildFile; fileRef = 7835BC8E1414C47900CC4B56 /* Versioning.m */; };
		78444FFD142896330014B4C6 /* ARFormatMethods.h in Headers */ = {isa = PBXBuildFile; fileRef = 78444FFB142896330014B4C6 /* ARFormatMethods.h */; settings = {ATTRIBUTES = (Public, ); }; };
		78444FFE142896330014B4C6 /* ARFormatMethods.h in Headers */ = {isa = PBXBuildFile; fileRef = 78444FFB142896330014B4C6 /* ARFormatMethods.h */; settings = {ATTRIBUTES = (Public, ); }; };
		78444FFF142896330014B4C6 /* ARFormatMethods.m in Sources */ = {isa = PBXBuildFile; fileRef = 78444FFC142896330014B4C6 /* ARFormatMethods.m */; };
		78445000142896330014B4C6 /* ARFormatMethods.m in Sources */ = {isa = PBXBuildFile; fileRef = 78444FFC142896330014B4C6 /* ARFormatMethods.m */; };
		784450091428CE250014B4C6 /* ARResource.h in Headers */ = {isa = PBXBuildFile; fileRef = 784450071428CE250014B4C6 /* ARResource.h */; settings = {ATTRIBUTES = (Public, ); }; };
		7844500A1428CE250014B4C6 /* ARResource.h in Headers */ = {isa = PBXBuildFile; fileRef = 784450071428CE250014B4C6 /* ARResource.h */; settings = {ATTRIBUTES = (Public, ); }; };
		7844500B1428CE250014B4C6 /* ARResource.m in Sources */ = {isa = PBXBuildFile; fileRef = 784450081428CE250014B4C6 /* ARResource.m */; };
		7844500C1428CE250014B4C6 /* ARResource.m in Sources */ = {isa = PBXBuildFile; fileRef = 784450081428CE250014B4C6 /* ARResource.m */; };
		784450151428EFCB0014B4C6 /* ARService+Private.h in Headers */ = {isa = PBXBuildFile; fileRef = 784450131428EFCB0014B4C6 /* ARService+Private.h */; };
		784450161428EFCB0014B4C6 /* ARService+Private.h in Headers */ = {isa = PBXBuildFile; fileRef = 784450131428EFCB0014B4C6 /* ARService+Private.h */; };
		784450171428EFCB0014B4C6 /* ARService+Private.m in Sources */ = {isa = PBXBuildFile; fileRef = 784450141428EFCB0014B4C6 /* ARService+Private.m */; };
		784450181428EFCB0014B4C6 /* ARService+Private.m in Sources */ = {isa = PBXBuildFile; fileRef = 784450141428EFCB0014B4C6 /* ARService+Private.m */; };
		7846AA22140BAAE100FE58E5 /* InfoPlist.strings in Resources */ = {isa = PBXBuildFile; fileRef = 7846AA20140BAAE100FE58E5 /* InfoPlist.strings */; };
		7846AA32140BAAE100FE58E5 /* ActiveResourceKit.framework in Frameworks */ = {isa = PBXBuildFile; fileRef = 7846AA14140BAAE100FE58E5 /* ActiveResourceKit.framework */; };
		7846AA38140BAAE100FE58E5 /* InfoPlist.strings in Resources */ = {isa = PBXBuildFile; fileRef = 7846AA36140BAAE100FE58E5 /* InfoPlist.strings */; };
		7846AA3A140BAAE100FE58E5 /* ActiveResourceKitTests.h in Resources */ = {isa = PBXBuildFile; fileRef = 7846AA39140BAAE100FE58E5 /* ActiveResourceKitTests.h */; };
		784BA1A0152C8E1800D4DD97 /* ActiveResourceKitTests.xcdatamodeld in Sources */ = {isa = PBXBuildFile; fileRef = 784BA19E152C8E1800D4DD97 /* ActiveResourceKitTests.xcdatamodeld */; };
		784BA1A1152C8E1800D4DD97 /* ActiveResourceKitTests.xcdatamodeld in Sources */ = {isa = PBXBuildFile; fileRef = 784BA19E152C8E1800D4DD97 /* ActiveResourceKitTests.xcdatamodeld */; };
		784BA1A2152C978600D4DD97 /* CoreData.framework in Frameworks */ = {isa = PBXBuildFile; fileRef = 7879809A14D1704900825C1E /* CoreData.framework */; };
		7865AE67152C4738008F96CC /* IncrementalStoreTests.m in Sources */ = {isa = PBXBuildFile; fileRef = 7865AE66152C4738008F96CC /* IncrementalStoreTests.m */; };
		7865AE68152C4738008F96CC /* IncrementalStoreTests.m in Sources */ = {isa = PBXBuildFile; fileRef = 7865AE66152C4738008F96CC /* IncrementalStoreTests.m */; };
		786D637114DC391000FCEFA7 /* KeyValueCodingTests.m in Sources */ = {isa = PBXBuildFile; fileRef = 786D636714DC1C8D00FCEFA7 /* KeyValueCodingTests.m */; };
		786D637214DC391100FCEFA7 /* KeyValueCodingTests.m in Sources */ = {isa = PBXBuildFile; fileRef = 786D636714DC1C8D00FCEFA7 /* KeyValueCodingTests.m */; };
		786D637514DC568900FCEFA7 /* ARURLConnectionDelegate.h in Headers */ = {isa = PBXBuildFile; fileRef = 786D637314DC568900FCEFA7 /* ARURLConnectionDelegate.h */; settings = {ATTRIBUTES = (Public, ); }; };
		786D637614DC568900FCEFA7 /* ARURLConnectionDelegate.h in Headers */ = {isa = PBXBuildFile; fileRef = 786D637314DC568900FCEFA7 /* ARURLConnectionDelegate.h */; settings = {ATTRIBUTES = (Public, ); }; };
		786D637714DC568900FCEFA7 /* ARURLConnectionDelegate.m in Sources */ = {isa = PBXBuildFile; fileRef = 786D637414DC568900FCEFA7 /* ARURLConnectionDelegate.m */; };
		786D637814DC568900FCEFA7 /* ARURLConnectionDelegate.m in Sources */ = {isa = PBXBuildFile; fileRef = 786D637414DC568900FCEFA7 /* ARURLConnectionDelegate.m */; };
		7870471A14EFA2BC00510373 /* NSPersistentStore+ActiveResource.h in Headers */ = {isa = PBXBuildFile; fileRef = 7870471814EFA2BC00510373 /* NSPersistentStore+ActiveResource.h */; settings = {ATTRIBUTES = (Public, ); }; };
		7870471B14EFA2BC00510373 /* NSPersistentStore+ActiveResource.h in Headers */ = {isa = PBXBuildFile; fileRef = 7870471814EFA2BC00510373 /* NSPersistentStore+ActiveResource.h */; settings = {ATTRIBUTES = (Public, ); }; };
		7870471C14EFA2BC00510373 /* NSPersistentStore+ActiveResource.m in Sources */ = {isa = PBXBuildFile; fileRef = 7870471914EFA2BC00510373 /* NSPersistentStore+ActiveResource.m */; };
		7870471D14EFA2BC00510373 /* NSPersistentStore+ActiveResource.m in Sources */ = {isa = PBXBuildFile; fileRef = 7870471914EFA2BC00510373 /* NSPersistentStore+ActiveResource.m */; };
		7870D53A14CDFED800934195 /* ARMacros.h in Headers */ = {isa = PBXBuildFile; fileRef = 7870D53814CDFED800934195 /* ARMacros.h */; settings = {ATTRIBUTES = (Public, ); }; };
		7870D53B14CDFED800934195 /* ARMacros.h in Headers */ = {isa = PBXBuildFile; fileRef = 7870D53814CDFED800934195 /* ARMacros.h */; settings = {ATTRIBUTES = (Public, ); }; };
		7879809B14D1704900825C1E /* CoreData.framework in Frameworks */ = {isa = PBXBuildFile; fileRef = 7879809A14D1704900825C1E /* CoreData.framework */; };
		78805F1A1445ACB100703E80 /* libActiveResourceKit.a in Frameworks */ = {isa = PBXBuildFile; fileRef = 7813AA9A1419270400523ECD /* libActiveResourceKit.a */; };
		78805F1B1445ACB100703E80 /* libActiveModelKit.a in Frameworks */ = {isa = PBXBuildFile; fileRef = 78BF7F5614164D2000DB0DEA /* libActiveModelKit.a */; };
		78805F1D1445ACB100703E80 /* libActiveSupportKit.a in Frameworks */ = {isa = PBXBuildFile; fileRef = 78805F1C1445ACB100703E80 /* libActiveSupportKit.a */; };
		78B58E9C1526082100956BB9 /* NSHTTPURLResponse+ActiveResource.h in Headers */ = {isa = PBXBuildFile; fileRef = 78B58E9A1526082100956BB9 /* NSHTTPURLResponse+ActiveResource.h */; };
		78B58E9D1526082100956BB9 /* NSHTTPURLResponse+ActiveResource.h in Headers */ = {isa = PBXBuildFile; fileRef = 78B58E9A1526082100956BB9 /* NSHTTPURLResponse+ActiveResource.h */; };
		78B58E9E1526082100956BB9 /* NSHTTPURLResponse+ActiveResource.m in Sources */ = {isa = PBXBuildFile; fileRef = 78B58E9B1526082100956BB9 /* NSHTTPURLResponse+ActiveResource.m */; };
		78B58E9F1526082100956BB9 /* NSHTTPURLResponse+ActiveResource.m in Sources */ = {isa = PBXBuildFile; fileRef = 78B58E9B1526082100956BB9 /* NSHTTPURLResponse+ActiveResource.m */; };
		78B95F8214CC6B6D00EEF206 /* ARHTTPMethods.h in Headers */ = {isa = PBXBuildFile; fileRef = 78B95F8014CC6B6D00EEF206 /* ARHTTPMethods.h */; settings = {ATTRIBUTES = (Public, ); }; };
		78B95F8314CC6B6D00EEF206 /* ARHTTPMethods.h in Headers */ = {isa = PBXBuildFile; fileRef = 78B95F8014CC6B6D00EEF206 /* ARHTTPMethods.h */; settings = {ATTRIBUTES = (Public, ); }; };
		78B95F8414CC6B6D00EEF206 /* ARHTTPMethods.m in Sources */ = {isa = PBXBuildFile; fileRef = 78B95F8114CC6B6D00EEF206 /* ARHTTPMethods.m */; };
		78B95F8514CC6B6D00EEF206 /* ARHTTPMethods.m in Sources */ = {isa = PBXBuildFile; fileRef = 78B95F8114CC6B6D00EEF206 /* ARHTTPMethods.m */; };
		78BF7F5A14164E3500DB0DEA /* Foundation.framework in Frameworks */ = {isa = PBXBuildFile; fileRef = 7846AA1C140BAAE100FE58E5 /* Foundation.framework */; };
		78BF7F7214164FE100DB0DEA /* Foundation.framework in Frameworks */ = {isa = PBXBuildFile; fileRef = 7846AA1C140BAAE100FE58E5 /* Foundation.framework */; };
		78BF7F731416512200DB0DEA /* SenTestingKit.framework in Frameworks */ = {isa = PBXBuildFile; fileRef = 7846AA2D140BAAE100FE58E5 /* SenTestingKit.framework */; };
		78D3D6F3140BC3B800DD4278 /* ARService.h in Headers */ = {isa = PBXBuildFile; fileRef = 78D3D6F1140BC3B800DD4278 /* ARService.h */; settings = {ATTRIBUTES = (Public, ); }; };
		78D3D6F4140BC3B800DD4278 /* ARService.m in Sources */ = {isa = PBXBuildFile; fileRef = 78D3D6F2140BC3B800DD4278 /* ARService.m */; };
		78D3D6FB140BC5A100DD4278 /* ActiveResourceKit.h in Headers */ = {isa = PBXBuildFile; fileRef = 78D3D6FA140BC5A100DD4278 /* ActiveResourceKit.h */; settings = {ATTRIBUTES = (Public, ); }; };
		78D9884114E9378E0081C350 /* ARHTTPResponse.h in Headers */ = {isa = PBXBuildFile; fileRef = 78D9883F14E9378E0081C350 /* ARHTTPResponse.h */; settings = {ATTRIBUTES = (Public, ); }; };
		78D9884214E9378E0081C350 /* ARHTTPResponse.h in Headers */ = {isa = PBXBuildFile; fileRef = 78D9883F14E9378E0081C350 /* ARHTTPResponse.h */; settings = {ATTRIBUTES = (Public, ); }; };
		78D9884314E9378E0081C350 /* ARHTTPResponse.m in Sources */ = {isa = PBXBuildFile; fileRef = 78D9884014E9378E0081C350 /* ARHTTPResponse.m */; };
		78D9884414E9378E0081C350 /* ARHTTPResponse.m in Sources */ = {isa = PBXBuildFile; fileRef = 78D9884014E9378E0081C350 /* ARHTTPResponse.m */; };
		78E02B10152AE884008E6EC1 /* ARIncrementalStore+Private.h in Headers */ = {isa = PBXBuildFile; fileRef = 78E02B0E152AE884008E6EC1 /* ARIncrementalStore+Private.h */; };
		78E02B11152AE884008E6EC1 /* ARIncrementalStore+Private.h in Headers */ = {isa = PBXBuildFile; fileRef = 78E02B0E152AE884008E6EC1 /* ARIncrementalStore+Private.h */; };
		78E02B12152AE884008E6EC1 /* ARIncrementalStore+Private.m in Sources */ = {isa = PBXBuildFile; fileRef = 78E02B0F152AE884008E6EC1 /* ARIncrementalStore+Private.m */; };
		78E02B13152AE884008E6EC1 /* ARIncrementalStore+Private.m in Sources */ = {isa = PBXBuildFile; fileRef = 78E02B0F152AE884008E6EC1 /* ARIncrementalStore+Private.m */; };
		78E02B16152B06FC008E6EC1 /* NSAttributeDescription+ActiveResource.h in Headers */ = {isa = PBXBuildFile; fileRef = 78E02B14152B06FC008E6EC1 /* NSAttributeDescription+ActiveResource.h */; settings = {ATTRIBUTES = (Public, ); }; };
		78E02B17152B06FC008E6EC1 /* NSAttributeDescription+ActiveResource.h in Headers */ = {isa = PBXBuildFile; fileRef = 78E02B14152B06FC008E6EC1 /* NSAttributeDescription+ActiveResource.h */; settings = {ATTRIBUTES = (Public, ); }; };
		78E02B18152B06FC008E6EC1 /* NSAttributeDescription+ActiveResource.m in Sources */ = {isa = PBXBuildFile; fileRef = 78E02B15152B06FC008E6EC1 /* NSAttributeDescription+ActiveResource.m */; };
		78E02B19152B06FC008E6EC1 /* NSAttributeDescription+ActiveResource.m in Sources */ = {isa = PBXBuildFile; fileRef = 78E02B15152B06FC008E6EC1 /* NSAttributeDescription+ActiveResource.m */; };
		78E4DFEB145B1BF700AB4BCB /* ARResource+Private.h in Headers */ = {isa = PBXBuildFile; fileRef = 78E4DFE9145B1BF700AB4BCB /* ARResource+Private.h */; settings = {ATTRIBUTES = (); }; };
		78E4DFEC145B1BF700AB4BCB /* ARResource+Private.h in Headers */ = {isa = PBXBuildFile; fileRef = 78E4DFE9145B1BF700AB4BCB /* ARResource+Private.h */; settings = {ATTRIBUTES = (); }; };
		78E4DFED145B1BF700AB4BCB /* ARResource+Private.m in Sources */ = {isa = PBXBuildFile; fileRef = 78E4DFEA145B1BF700AB4BCB /* ARResource+Private.m */; };
		78E4DFEE145B1BF700AB4BCB /* ARResource+Private.m in Sources */ = {isa = PBXBuildFile; fileRef = 78E4DFEA145B1BF700AB4BCB /* ARResource+Private.m */; };
		78EEA80114CB7CEC0049AE28 /* ARConnection.h in Headers */ = {isa = PBXBuildFile; fileRef = 78EEA7FF14CB7CEC0049AE28 /* ARConnection.h */; settings = {ATTRIBUTES = (Public, ); }; };
		78EEA80214CB7CEC0049AE28 /* ARConnection.h in Headers */ = {isa = PBXBuildFile; fileRef = 78EEA7FF14CB7CEC0049AE28 /* ARConnection.h */; settings = {ATTRIBUTES = (Public, ); }; };
		78EEA80314CB7CEC0049AE28 /* ARConnection.m in Sources */ = {isa = PBXBuildFile; fileRef = 78EEA80014CB7CEC0049AE28 /* ARConnection.m */; };
		78EEA80414CB7CEC0049AE28 /* ARConnection.m in Sources */ = {isa = PBXBuildFile; fileRef = 78EEA80014CB7CEC0049AE28 /* ARConnection.m */; };
		78F7972514CC3D01007A1262 /* ConnectionTests.m in Sources */ = {isa = PBXBuildFile; fileRef = 78F7972414CC3D01007A1262 /* ConnectionTests.m */; };
		78F7972614CC3D01007A1262 /* ConnectionTests.m in Sources */ = {isa = PBXBuildFile; fileRef = 78F7972414CC3D01007A1262 /* ConnectionTests.m */; };
		78F7972F14CC48E8007A1262 /* ARConnection+Private.h in Headers */ = {isa = PBXBuildFile; fileRef = 78F7972D14CC48E8007A1262 /* ARConnection+Private.h */; settings = {ATTRIBUTES = (Public, ); }; };
		78F7973014CC48E8007A1262 /* ARConnection+Private.h in Headers */ = {isa = PBXBuildFile; fileRef = 78F7972D14CC48E8007A1262 /* ARConnection+Private.h */; settings = {ATTRIBUTES = (Public, ); }; };
		78F7973114CC48E8007A1262 /* ARConnection+Private.m in Sources */ = {isa = PBXBuildFile; fileRef = 78F7972E14CC48E8007A1262 /* ARConnection+Private.m */; };
		78F7973214CC48E8007A1262 /* ARConnection+Private.m in Sources */ = {isa = PBXBuildFile; fileRef = 78F7972E14CC48E8007A1262 /* ARConnection+Private.m */; };
		78FB0D86141A1820007AFB3D /* ARErrors.h in Headers */ = {isa = PBXBuildFile; fileRef = 78FB0D84141A1820007AFB3D /* ARErrors.h */; settings = {ATTRIBUTES = (Public, ); }; };
		78FB0D87141A1820007AFB3D /* ARErrors.h in Headers */ = {isa = PBXBuildFile; fileRef = 78FB0D84141A1820007AFB3D /* ARErrors.h */; settings = {ATTRIBUTES = (Public, ); }; };
		78FB0D88141A1820007AFB3D /* ARErrors.m in Sources */ = {isa = PBXBuildFile; fileRef = 78FB0D85141A1820007AFB3D /* ARErrors.m */; };
		78FB0D89141A1820007AFB3D /* ARErrors.m in Sources */ = {isa = PBXBuildFile; fileRef = 78FB0D85141A1820007AFB3D /* ARErrors.m */; };
/* End PBXBuildFile section */

/* Begin PBXContainerItemProxy section */
		7813AAAC1419270400523ECD /* PBXContainerItemProxy */ = {
			isa = PBXContainerItemProxy;
			containerPortal = 7846AA0A140BAAE100FE58E5 /* Project object */;
			proxyType = 1;
			remoteGlobalIDString = 7813AA991419270400523ECD;
			remoteInfo = ActiveResourceKitLibrary;
		};
		78326FCB140FE38B00ECCE7D /* PBXContainerItemProxy */ = {
			isa = PBXContainerItemProxy;
			containerPortal = 78326FBB140FE38A00ECCE7D /* ActiveModelKit.xcodeproj */;
			proxyType = 2;
			remoteGlobalIDString = 78A36D94140D1EB000E48D11;
			remoteInfo = ActiveModelKit;
		};
		78326FCD140FE38B00ECCE7D /* PBXContainerItemProxy */ = {
			isa = PBXContainerItemProxy;
			containerPortal = 78326FBB140FE38A00ECCE7D /* ActiveModelKit.xcodeproj */;
			proxyType = 2;
			remoteGlobalIDString = 78A36DAC140D1EB100E48D11;
			remoteInfo = ActiveModelKitTests;
		};
		78326FD3140FE3A100ECCE7D /* PBXContainerItemProxy */ = {
			isa = PBXContainerItemProxy;
			containerPortal = 78326FBB140FE38A00ECCE7D /* ActiveModelKit.xcodeproj */;
			proxyType = 1;
			remoteGlobalIDString = 78A36D93140D1EB000E48D11;
			remoteInfo = ActiveModelKit;
		};
		78440D7E1419291600EFBB93 /* PBXContainerItemProxy */ = {
			isa = PBXContainerItemProxy;
			containerPortal = 78326FBB140FE38A00ECCE7D /* ActiveModelKit.xcodeproj */;
			proxyType = 1;
			remoteGlobalIDString = 78BF7F15141646A500DB0DEA;
			remoteInfo = ActiveModelKitLibrary;
		};
		7846AA30140BAAE100FE58E5 /* PBXContainerItemProxy */ = {
			isa = PBXContainerItemProxy;
			containerPortal = 7846AA0A140BAAE100FE58E5 /* Project object */;
			proxyType = 1;
			remoteGlobalIDString = 7846AA13140BAAE100FE58E5;
			remoteInfo = ActiveResourceKit;
		};
		78BF7F5514164D2000DB0DEA /* PBXContainerItemProxy */ = {
			isa = PBXContainerItemProxy;
			containerPortal = 78326FBB140FE38A00ECCE7D /* ActiveModelKit.xcodeproj */;
			proxyType = 2;
			remoteGlobalIDString = 78BF7F16141646A500DB0DEA;
			remoteInfo = ActiveModelKitLibrary;
		};
		78BF7F5714164D2000DB0DEA /* PBXContainerItemProxy */ = {
			isa = PBXContainerItemProxy;
			containerPortal = 78326FBB140FE38A00ECCE7D /* ActiveModelKit.xcodeproj */;
			proxyType = 2;
			remoteGlobalIDString = 78BF7F24141646A500DB0DEA;
			remoteInfo = ActiveModelKitLibraryTests;
		};
/* End PBXContainerItemProxy section */

/* Begin PBXFileReference section */
		78054AF81469299E007E947E /* Private.h */ = {isa = PBXFileReference; fileEncoding = 4; lastKnownFileType = sourcecode.c.h; path = Private.h; sourceTree = "<group>"; };
		78054AFB14694531007E947E /* VersioningTests.h */ = {isa = PBXFileReference; fileEncoding = 4; lastKnownFileType = sourcecode.c.h; path = VersioningTests.h; sourceTree = "<group>"; };
		78054AFC14694531007E947E /* VersioningTests.m */ = {isa = PBXFileReference; fileEncoding = 4; lastKnownFileType = sourcecode.c.objc; path = VersioningTests.m; sourceTree = "<group>"; };
		780C11FB14F06D1C007960CF /* NSManagedObject+ActiveResource.h */ = {isa = PBXFileReference; fileEncoding = 4; lastKnownFileType = sourcecode.c.h; path = "NSManagedObject+ActiveResource.h"; sourceTree = "<group>"; };
		780C11FC14F06D1C007960CF /* NSManagedObject+ActiveResource.m */ = {isa = PBXFileReference; fileEncoding = 4; lastKnownFileType = sourcecode.c.objc; path = "NSManagedObject+ActiveResource.m"; sourceTree = "<group>"; };
		780D959B14E1264F005689CA /* ARQueuedLoadingURLConnection.h */ = {isa = PBXFileReference; fileEncoding = 4; lastKnownFileType = sourcecode.c.h; path = ARQueuedLoadingURLConnection.h; sourceTree = "<group>"; };
		780D959C14E1264F005689CA /* ARQueuedLoadingURLConnection.m */ = {isa = PBXFileReference; fileEncoding = 4; lastKnownFileType = sourcecode.c.objc; path = ARQueuedLoadingURLConnection.m; sourceTree = "<group>"; };
		780D95A514E12D74005689CA /* ARSynchronousLoadingURLConnection.h */ = {isa = PBXFileReference; fileEncoding = 4; lastKnownFileType = sourcecode.c.h; path = ARSynchronousLoadingURLConnection.h; sourceTree = "<group>"; };
		780D95A614E12D74005689CA /* ARSynchronousLoadingURLConnection.m */ = {isa = PBXFileReference; fileEncoding = 4; lastKnownFileType = sourcecode.c.objc; path = ARSynchronousLoadingURLConnection.m; sourceTree = "<group>"; };
		780D95AB14E173B5005689CA /* BaseTests.h */ = {isa = PBXFileReference; fileEncoding = 4; lastKnownFileType = sourcecode.c.h; path = BaseTests.h; sourceTree = "<group>"; };
		780D95AC14E173B5005689CA /* BaseTests.m */ = {isa = PBXFileReference; fileEncoding = 4; lastKnownFileType = sourcecode.c.objc; path = BaseTests.m; sourceTree = "<group>"; };
		780D95AF14E1D178005689CA /* ARURLConnection.h */ = {isa = PBXFileReference; fileEncoding = 4; lastKnownFileType = sourcecode.c.h; path = ARURLConnection.h; sourceTree = "<group>"; };
		780D95B014E1D178005689CA /* ARURLConnection.m */ = {isa = PBXFileReference; fileEncoding = 4; lastKnownFileType = sourcecode.c.objc; path = ARURLConnection.m; sourceTree = "<group>"; };
		78107B3614DAD54D00662E9B /* CoreData.framework */ = {isa = PBXFileReference; lastKnownFileType = wrapper.framework; name = CoreData.framework; path = Platforms/iPhoneOS.platform/Developer/SDKs/iPhoneOS5.0.sdk/System/Library/Frameworks/CoreData.framework; sourceTree = DEVELOPER_DIR; };
		7813AA9A1419270400523ECD /* libActiveResourceKit.a */ = {isa = PBXFileReference; explicitFileType = archive.ar; includeInIndex = 0; path = libActiveResourceKit.a; sourceTree = BUILT_PRODUCTS_DIR; };
		7813AAA71419270400523ECD /* ActiveResourceKitLibraryTests.octest */ = {isa = PBXFileReference; explicitFileType = wrapper.cfbundle; includeInIndex = 0; path = ActiveResourceKitLibraryTests.octest; sourceTree = BUILT_PRODUCTS_DIR; };
		78282272146867F5005D9BD2 /* FinderTests.h */ = {isa = PBXFileReference; fileEncoding = 4; lastKnownFileType = sourcecode.c.h; path = FinderTests.h; sourceTree = "<group>"; };
		78282273146867F5005D9BD2 /* FinderTests.m */ = {isa = PBXFileReference; fileEncoding = 4; lastKnownFileType = sourcecode.c.objc; path = FinderTests.m; sourceTree = "<group>"; };
		7828227E14686A2E005D9BD2 /* Person.h */ = {isa = PBXFileReference; fileEncoding = 4; lastKnownFileType = sourcecode.c.h; path = Person.h; sourceTree = "<group>"; };
		7828227F14686A2E005D9BD2 /* Person.m */ = {isa = PBXFileReference; fileEncoding = 4; lastKnownFileType = sourcecode.c.objc; path = Person.m; sourceTree = "<group>"; };
		7828228214686DFD005D9BD2 /* ARTestCase.h */ = {isa = PBXFileReference; fileEncoding = 4; lastKnownFileType = sourcecode.c.h; path = ARTestCase.h; sourceTree = "<group>"; };
		7828228314686DFD005D9BD2 /* ARTestCase.m */ = {isa = PBXFileReference; fileEncoding = 4; lastKnownFileType = sourcecode.c.objc; path = ARTestCase.m; sourceTree = "<group>"; };
		782B5B1C1421CE6100A74579 /* ActiveSupportKit.framework */ = {isa = PBXFileReference; lastKnownFileType = wrapper.framework; name = ActiveSupportKit.framework; path = "../../Library/Developer/Xcode/DerivedData/ActiveResourceKit-hgvxhithevtlgmgbxarrecbvimyi/Build/Products/Debug/ActiveSupportKit.framework"; sourceTree = "<group>"; };
		78326FBB140FE38A00ECCE7D /* ActiveModelKit.xcodeproj */ = {isa = PBXFileReference; lastKnownFileType = "wrapper.pb-project"; name = ActiveModelKit.xcodeproj; path = ../ActiveModelKit/ActiveModelKit.xcodeproj; sourceTree = "<group>"; };
		7832702E14110B7B00ECCE7D /* ARFormat.h */ = {isa = PBXFileReference; fileEncoding = 4; lastKnownFileType = sourcecode.c.h; lineEnding = 0; path = ARFormat.h; sourceTree = "<group>"; xcLanguageSpecificationIdentifier = xcode.lang.objcpp; };
		7832703014110BAE00ECCE7D /* ARJSONFormat.h */ = {isa = PBXFileReference; fileEncoding = 4; lastKnownFileType = sourcecode.c.h; lineEnding = 0; path = ARJSONFormat.h; sourceTree = "<group>"; xcLanguageSpecificationIdentifier = xcode.lang.objcpp; };
		7832703114110BAE00ECCE7D /* ARJSONFormat.m */ = {isa = PBXFileReference; fileEncoding = 4; lastKnownFileType = sourcecode.c.objc; lineEnding = 0; path = ARJSONFormat.m; sourceTree = "<group>"; xcLanguageSpecificationIdentifier = xcode.lang.objc; };
		7834B5DB14D167C90062BB04 /* ARIncrementalStore.h */ = {isa = PBXFileReference; fileEncoding = 4; lastKnownFileType = sourcecode.c.h; path = ARIncrementalStore.h; sourceTree = "<group>"; };
		7834B5DC14D167C90062BB04 /* ARIncrementalStore.m */ = {isa = PBXFileReference; fileEncoding = 4; lastKnownFileType = sourcecode.c.objc; lineEnding = 0; path = ARIncrementalStore.m; sourceTree = "<group>"; xcLanguageSpecificationIdentifier = xcode.lang.objc; };
		7835BC8D1414C47900CC4B56 /* Versioning.h */ = {isa = PBXFileReference; fileEncoding = 4; lastKnownFileType = sourcecode.c.h; path = Versioning.h; sourceTree = "<group>"; };
		7835BC8E1414C47900CC4B56 /* Versioning.m */ = {isa = PBXFileReference; fileEncoding = 4; lastKnownFileType = sourcecode.c.objc; path = Versioning.m; sourceTree = "<group>"; };
		78404E6614F17FB1005986CB /* NSEntityDescription+ActiveResource.h */ = {isa = PBXFileReference; fileEncoding = 4; lastKnownFileType = sourcecode.c.h; path = "NSEntityDescription+ActiveResource.h"; sourceTree = "<group>"; };
		78404E6714F17FB1005986CB /* NSEntityDescription+ActiveResource.m */ = {isa = PBXFileReference; fileEncoding = 4; lastKnownFileType = sourcecode.c.objc; path = "NSEntityDescription+ActiveResource.m"; sourceTree = "<group>"; };
		78444FFB142896330014B4C6 /* ARFormatMethods.h */ = {isa = PBXFileReference; fileEncoding = 4; lastKnownFileType = sourcecode.c.h; path = ARFormatMethods.h; sourceTree = "<group>"; };
		78444FFC142896330014B4C6 /* ARFormatMethods.m */ = {isa = PBXFileReference; fileEncoding = 4; lastKnownFileType = sourcecode.c.objc; path = ARFormatMethods.m; sourceTree = "<group>"; };
		784450071428CE250014B4C6 /* ARResource.h */ = {isa = PBXFileReference; fileEncoding = 4; lastKnownFileType = sourcecode.c.h; path = ARResource.h; sourceTree = "<group>"; };
		784450081428CE250014B4C6 /* ARResource.m */ = {isa = PBXFileReference; fileEncoding = 4; lastKnownFileType = sourcecode.c.objc; path = ARResource.m; sourceTree = "<group>"; };
		784450131428EFCB0014B4C6 /* ARService+Private.h */ = {isa = PBXFileReference; fileEncoding = 4; lastKnownFileType = sourcecode.c.h; path = "ARService+Private.h"; sourceTree = "<group>"; };
		784450141428EFCB0014B4C6 /* ARService+Private.m */ = {isa = PBXFileReference; fileEncoding = 4; lastKnownFileType = sourcecode.c.objc; lineEnding = 0; path = "ARService+Private.m"; sourceTree = "<group>"; xcLanguageSpecificationIdentifier = xcode.lang.objc; };
		7846AA14140BAAE100FE58E5 /* ActiveResourceKit.framework */ = {isa = PBXFileReference; explicitFileType = wrapper.framework; includeInIndex = 0; path = ActiveResourceKit.framework; sourceTree = BUILT_PRODUCTS_DIR; };
		7846AA1C140BAAE100FE58E5 /* Foundation.framework */ = {isa = PBXFileReference; lastKnownFileType = wrapper.framework; name = Foundation.framework; path = System/Library/Frameworks/Foundation.framework; sourceTree = SDKROOT; };
		7846AA1F140BAAE100FE58E5 /* ActiveResourceKit-Info.plist */ = {isa = PBXFileReference; lastKnownFileType = text.plist.xml; path = "ActiveResourceKit-Info.plist"; sourceTree = "<group>"; };
		7846AA21140BAAE100FE58E5 /* en */ = {isa = PBXFileReference; lastKnownFileType = text.plist.strings; name = en; path = en.lproj/InfoPlist.strings; sourceTree = "<group>"; };
		7846AA23140BAAE100FE58E5 /* ActiveResourceKit-Prefix.pch */ = {isa = PBXFileReference; lastKnownFileType = sourcecode.c.h; path = "ActiveResourceKit-Prefix.pch"; sourceTree = "<group>"; };
		7846AA2C140BAAE100FE58E5 /* ActiveResourceKitFrameworkTests.octest */ = {isa = PBXFileReference; explicitFileType = wrapper.cfbundle; includeInIndex = 0; path = ActiveResourceKitFrameworkTests.octest; sourceTree = BUILT_PRODUCTS_DIR; };
		7846AA2D140BAAE100FE58E5 /* SenTestingKit.framework */ = {isa = PBXFileReference; lastKnownFileType = wrapper.framework; name = SenTestingKit.framework; path = Library/Frameworks/SenTestingKit.framework; sourceTree = DEVELOPER_DIR; };
		7846AA35140BAAE100FE58E5 /* ActiveResourceKitTests-Info.plist */ = {isa = PBXFileReference; lastKnownFileType = text.plist.xml; path = "ActiveResourceKitTests-Info.plist"; sourceTree = "<group>"; };
		7846AA37140BAAE100FE58E5 /* en */ = {isa = PBXFileReference; lastKnownFileType = text.plist.strings; name = en; path = en.lproj/InfoPlist.strings; sourceTree = "<group>"; };
		7846AA39140BAAE100FE58E5 /* ActiveResourceKitTests.h */ = {isa = PBXFileReference; lastKnownFileType = sourcecode.c.h; path = ActiveResourceKitTests.h; sourceTree = "<group>"; };
		7846AA3B140BAAE100FE58E5 /* ActiveResourceKitTests.m */ = {isa = PBXFileReference; lastKnownFileType = sourcecode.c.objc; path = ActiveResourceKitTests.m; sourceTree = "<group>"; };
		784BA19F152C8E1800D4DD97 /* ActiveResourceKitTests.xcdatamodel */ = {isa = PBXFileReference; lastKnownFileType = wrapper.xcdatamodel; path = ActiveResourceKitTests.xcdatamodel; sourceTree = "<group>"; };
		7865AE65152C4738008F96CC /* IncrementalStoreTests.h */ = {isa = PBXFileReference; fileEncoding = 4; lastKnownFileType = sourcecode.c.h; path = IncrementalStoreTests.h; sourceTree = "<group>"; };
		7865AE66152C4738008F96CC /* IncrementalStoreTests.m */ = {isa = PBXFileReference; fileEncoding = 4; lastKnownFileType = sourcecode.c.objc; path = IncrementalStoreTests.m; sourceTree = "<group>"; };
		786D636614DC1C8D00FCEFA7 /* KeyValueCodingTests.h */ = {isa = PBXFileReference; fileEncoding = 4; lastKnownFileType = sourcecode.c.h; path = KeyValueCodingTests.h; sourceTree = "<group>"; };
		786D636714DC1C8D00FCEFA7 /* KeyValueCodingTests.m */ = {isa = PBXFileReference; fileEncoding = 4; lastKnownFileType = sourcecode.c.objc; path = KeyValueCodingTests.m; sourceTree = "<group>"; };
		786D637314DC568900FCEFA7 /* ARURLConnectionDelegate.h */ = {isa = PBXFileReference; fileEncoding = 4; lastKnownFileType = sourcecode.c.h; path = ARURLConnectionDelegate.h; sourceTree = "<group>"; };
		786D637414DC568900FCEFA7 /* ARURLConnectionDelegate.m */ = {isa = PBXFileReference; fileEncoding = 4; lastKnownFileType = sourcecode.c.objc; path = ARURLConnectionDelegate.m; sourceTree = "<group>"; };
		7870471814EFA2BC00510373 /* NSPersistentStore+ActiveResource.h */ = {isa = PBXFileReference; fileEncoding = 4; lastKnownFileType = sourcecode.c.h; path = "NSPersistentStore+ActiveResource.h"; sourceTree = "<group>"; };
		7870471914EFA2BC00510373 /* NSPersistentStore+ActiveResource.m */ = {isa = PBXFileReference; fileEncoding = 4; lastKnownFileType = sourcecode.c.objc; path = "NSPersistentStore+ActiveResource.m"; sourceTree = "<group>"; };
		7870D53814CDFED800934195 /* ARMacros.h */ = {isa = PBXFileReference; fileEncoding = 4; lastKnownFileType = sourcecode.c.h; path = ARMacros.h; sourceTree = "<group>"; };
		7879809A14D1704900825C1E /* CoreData.framework */ = {isa = PBXFileReference; lastKnownFileType = wrapper.framework; name = CoreData.framework; path = System/Library/Frameworks/CoreData.framework; sourceTree = SDKROOT; };
		78805F1C1445ACB100703E80 /* libActiveSupportKit.a */ = {isa = PBXFileReference; lastKnownFileType = archive.ar; name = libActiveSupportKit.a; path = "../ActiveSupportKit/build/Release-iphoneos/libActiveSupportKit.a"; sourceTree = "<group>"; };
		78B58E9A1526082100956BB9 /* NSHTTPURLResponse+ActiveResource.h */ = {isa = PBXFileReference; fileEncoding = 4; lastKnownFileType = sourcecode.c.h; path = "NSHTTPURLResponse+ActiveResource.h"; sourceTree = "<group>"; };
		78B58E9B1526082100956BB9 /* NSHTTPURLResponse+ActiveResource.m */ = {isa = PBXFileReference; fileEncoding = 4; lastKnownFileType = sourcecode.c.objc; path = "NSHTTPURLResponse+ActiveResource.m"; sourceTree = "<group>"; };
		78B95F8014CC6B6D00EEF206 /* ARHTTPMethods.h */ = {isa = PBXFileReference; fileEncoding = 4; lastKnownFileType = sourcecode.c.h; path = ARHTTPMethods.h; sourceTree = "<group>"; };
		78B95F8114CC6B6D00EEF206 /* ARHTTPMethods.m */ = {isa = PBXFileReference; fileEncoding = 4; lastKnownFileType = sourcecode.c.objc; path = ARHTTPMethods.m; sourceTree = "<group>"; };
		78D3D6F1140BC3B800DD4278 /* ARService.h */ = {isa = PBXFileReference; fileEncoding = 4; lastKnownFileType = sourcecode.c.h; lineEnding = 0; path = ARService.h; sourceTree = "<group>"; xcLanguageSpecificationIdentifier = xcode.lang.objcpp; };
		78D3D6F2140BC3B800DD4278 /* ARService.m */ = {isa = PBXFileReference; fileEncoding = 4; lastKnownFileType = sourcecode.c.objc; lineEnding = 0; path = ARService.m; sourceTree = "<group>"; xcLanguageSpecificationIdentifier = xcode.lang.objc; };
		78D3D6FA140BC5A100DD4278 /* ActiveResourceKit.h */ = {isa = PBXFileReference; fileEncoding = 4; lastKnownFileType = sourcecode.c.h; path = ActiveResourceKit.h; sourceTree = "<group>"; };
		78D9883F14E9378E0081C350 /* ARHTTPResponse.h */ = {isa = PBXFileReference; fileEncoding = 4; lastKnownFileType = sourcecode.c.h; path = ARHTTPResponse.h; sourceTree = "<group>"; };
		78D9884014E9378E0081C350 /* ARHTTPResponse.m */ = {isa = PBXFileReference; fileEncoding = 4; lastKnownFileType = sourcecode.c.objc; path = ARHTTPResponse.m; sourceTree = "<group>"; };
		78E02B0E152AE884008E6EC1 /* ARIncrementalStore+Private.h */ = {isa = PBXFileReference; fileEncoding = 4; lastKnownFileType = sourcecode.c.h; path = "ARIncrementalStore+Private.h"; sourceTree = "<group>"; };
		78E02B0F152AE884008E6EC1 /* ARIncrementalStore+Private.m */ = {isa = PBXFileReference; fileEncoding = 4; lastKnownFileType = sourcecode.c.objc; path = "ARIncrementalStore+Private.m"; sourceTree = "<group>"; };
		78E02B14152B06FC008E6EC1 /* NSAttributeDescription+ActiveResource.h */ = {isa = PBXFileReference; fileEncoding = 4; lastKnownFileType = sourcecode.c.h; path = "NSAttributeDescription+ActiveResource.h"; sourceTree = "<group>"; };
		78E02B15152B06FC008E6EC1 /* NSAttributeDescription+ActiveResource.m */ = {isa = PBXFileReference; fileEncoding = 4; lastKnownFileType = sourcecode.c.objc; path = "NSAttributeDescription+ActiveResource.m"; sourceTree = "<group>"; };
		78E4DFE9145B1BF700AB4BCB /* ARResource+Private.h */ = {isa = PBXFileReference; fileEncoding = 4; lastKnownFileType = sourcecode.c.h; path = "ARResource+Private.h"; sourceTree = "<group>"; };
		78E4DFEA145B1BF700AB4BCB /* ARResource+Private.m */ = {isa = PBXFileReference; fileEncoding = 4; lastKnownFileType = sourcecode.c.objc; path = "ARResource+Private.m"; sourceTree = "<group>"; };
		78EEA7FF14CB7CEC0049AE28 /* ARConnection.h */ = {isa = PBXFileReference; fileEncoding = 4; lastKnownFileType = sourcecode.c.h; path = ARConnection.h; sourceTree = "<group>"; };
		78EEA80014CB7CEC0049AE28 /* ARConnection.m */ = {isa = PBXFileReference; fileEncoding = 4; lastKnownFileType = sourcecode.c.objc; path = ARConnection.m; sourceTree = "<group>"; };
		78F7972314CC3D01007A1262 /* ConnectionTests.h */ = {isa = PBXFileReference; fileEncoding = 4; lastKnownFileType = sourcecode.c.h; path = ConnectionTests.h; sourceTree = "<group>"; };
		78F7972414CC3D01007A1262 /* ConnectionTests.m */ = {isa = PBXFileReference; fileEncoding = 4; lastKnownFileType = sourcecode.c.objc; path = ConnectionTests.m; sourceTree = "<group>"; };
		78F7972D14CC48E8007A1262 /* ARConnection+Private.h */ = {isa = PBXFileReference; fileEncoding = 4; lastKnownFileType = sourcecode.c.h; path = "ARConnection+Private.h"; sourceTree = "<group>"; };
		78F7972E14CC48E8007A1262 /* ARConnection+Private.m */ = {isa = PBXFileReference; fileEncoding = 4; lastKnownFileType = sourcecode.c.objc; path = "ARConnection+Private.m"; sourceTree = "<group>"; };
		78FB0D84141A1820007AFB3D /* ARErrors.h */ = {isa = PBXFileReference; fileEncoding = 4; lastKnownFileType = sourcecode.c.h; path = ARErrors.h; sourceTree = "<group>"; };
		78FB0D85141A1820007AFB3D /* ARErrors.m */ = {isa = PBXFileReference; fileEncoding = 4; lastKnownFileType = sourcecode.c.objc; path = ARErrors.m; sourceTree = "<group>"; };
/* End PBXFileReference section */

/* Begin PBXFrameworksBuildPhase section */
		7813AA971419270400523ECD /* Frameworks */ = {
			isa = PBXFrameworksBuildPhase;
			buildActionMask = 2147483647;
			files = (
				78107B3714DAD54D00662E9B /* CoreData.framework in Frameworks */,
				7813AA9B1419270400523ECD /* Foundation.framework in Frameworks */,
			);
			runOnlyForDeploymentPostprocessing = 0;
		};
		7813AAA31419270400523ECD /* Frameworks */ = {
			isa = PBXFrameworksBuildPhase;
			buildActionMask = 2147483647;
			files = (
				78107B3814DAD59B00662E9B /* CoreData.framework in Frameworks */,
				78805F1D1445ACB100703E80 /* libActiveSupportKit.a in Frameworks */,
				78805F1A1445ACB100703E80 /* libActiveResourceKit.a in Frameworks */,
				78805F1B1445ACB100703E80 /* libActiveModelKit.a in Frameworks */,
				7813AAA81419270400523ECD /* SenTestingKit.framework in Frameworks */,
				7813AAAB1419270400523ECD /* Foundation.framework in Frameworks */,
			);
			runOnlyForDeploymentPostprocessing = 0;
		};
		7846AA10140BAAE100FE58E5 /* Frameworks */ = {
			isa = PBXFrameworksBuildPhase;
			buildActionMask = 2147483647;
			files = (
				7879809B14D1704900825C1E /* CoreData.framework in Frameworks */,
				782B5B1D1421CE6100A74579 /* ActiveSupportKit.framework in Frameworks */,
				78326FD5140FE3AA00ECCE7D /* ActiveModelKit.framework in Frameworks */,
				78BF7F5A14164E3500DB0DEA /* Foundation.framework in Frameworks */,
			);
			runOnlyForDeploymentPostprocessing = 0;
		};
		7846AA28140BAAE100FE58E5 /* Frameworks */ = {
			isa = PBXFrameworksBuildPhase;
			buildActionMask = 2147483647;
			files = (
				784BA1A2152C978600D4DD97 /* CoreData.framework in Frameworks */,
				7846AA32140BAAE100FE58E5 /* ActiveResourceKit.framework in Frameworks */,
				78BF7F7214164FE100DB0DEA /* Foundation.framework in Frameworks */,
				78BF7F731416512200DB0DEA /* SenTestingKit.framework in Frameworks */,
			);
			runOnlyForDeploymentPostprocessing = 0;
		};
/* End PBXFrameworksBuildPhase section */

/* Begin PBXGroup section */
		78326FBC140FE38A00ECCE7D /* Products */ = {
			isa = PBXGroup;
			children = (
				78326FCC140FE38B00ECCE7D /* ActiveModelKit.framework */,
				78326FCE140FE38B00ECCE7D /* ActiveModelKitFrameworkTests.octest */,
				78BF7F5614164D2000DB0DEA /* libActiveModelKit.a */,
				78BF7F5814164D2000DB0DEA /* ActiveModelKitLibraryTests.octest */,
			);
			name = Products;
			sourceTree = "<group>";
		};
		7846AA08140BAAE100FE58E5 = {
			isa = PBXGroup;
			children = (
				78326FBB140FE38A00ECCE7D /* ActiveModelKit.xcodeproj */,
				7846AA1D140BAAE100FE58E5 /* ActiveResourceKit */,
				7846AA33140BAAE100FE58E5 /* ActiveResourceKitTests */,
				7846AA16140BAAE100FE58E5 /* Frameworks */,
				7846AA15140BAAE100FE58E5 /* Products */,
			);
			sourceTree = "<group>";
		};
		7846AA15140BAAE100FE58E5 /* Products */ = {
			isa = PBXGroup;
			children = (
				7846AA14140BAAE100FE58E5 /* ActiveResourceKit.framework */,
				7846AA2C140BAAE100FE58E5 /* ActiveResourceKitFrameworkTests.octest */,
				7813AA9A1419270400523ECD /* libActiveResourceKit.a */,
				7813AAA71419270400523ECD /* ActiveResourceKitLibraryTests.octest */,
			);
			name = Products;
			sourceTree = "<group>";
		};
		7846AA16140BAAE100FE58E5 /* Frameworks */ = {
			isa = PBXGroup;
			children = (
				782B5B1C1421CE6100A74579 /* ActiveSupportKit.framework */,
				7879809A14D1704900825C1E /* CoreData.framework */,
				7846AA1C140BAAE100FE58E5 /* Foundation.framework */,
				7846AA2D140BAAE100FE58E5 /* SenTestingKit.framework */,
				7846AA19140BAAE100FE58E5 /* Other Frameworks */,
			);
			name = Frameworks;
			sourceTree = "<group>";
		};
		7846AA19140BAAE100FE58E5 /* Other Frameworks */ = {
			isa = PBXGroup;
			children = (
				78107B3614DAD54D00662E9B /* CoreData.framework */,
				78805F1C1445ACB100703E80 /* libActiveSupportKit.a */,
			);
			name = "Other Frameworks";
			sourceTree = "<group>";
		};
		7846AA1D140BAAE100FE58E5 /* ActiveResourceKit */ = {
			isa = PBXGroup;
			children = (
				78D3D6FA140BC5A100DD4278 /* ActiveResourceKit.h */,
				7834B5DB14D167C90062BB04 /* ARIncrementalStore.h */,
				7834B5DC14D167C90062BB04 /* ARIncrementalStore.m */,
				78E02B0E152AE884008E6EC1 /* ARIncrementalStore+Private.h */,
				78E02B0F152AE884008E6EC1 /* ARIncrementalStore+Private.m */,
				7870471814EFA2BC00510373 /* NSPersistentStore+ActiveResource.h */,
				7870471914EFA2BC00510373 /* NSPersistentStore+ActiveResource.m */,
				780C11FB14F06D1C007960CF /* NSManagedObject+ActiveResource.h */,
				780C11FC14F06D1C007960CF /* NSManagedObject+ActiveResource.m */,
				78404E6614F17FB1005986CB /* NSEntityDescription+ActiveResource.h */,
				78404E6714F17FB1005986CB /* NSEntityDescription+ActiveResource.m */,
				78E02B14152B06FC008E6EC1 /* NSAttributeDescription+ActiveResource.h */,
				78E02B15152B06FC008E6EC1 /* NSAttributeDescription+ActiveResource.m */,
				78B58E9A1526082100956BB9 /* NSHTTPURLResponse+ActiveResource.h */,
				78B58E9B1526082100956BB9 /* NSHTTPURLResponse+ActiveResource.m */,
				78D3D6F1140BC3B800DD4278 /* ARService.h */,
				78D3D6F2140BC3B800DD4278 /* ARService.m */,
				784450131428EFCB0014B4C6 /* ARService+Private.h */,
				784450141428EFCB0014B4C6 /* ARService+Private.m */,
				786D637314DC568900FCEFA7 /* ARURLConnectionDelegate.h */,
				786D637414DC568900FCEFA7 /* ARURLConnectionDelegate.m */,
				784450071428CE250014B4C6 /* ARResource.h */,
				784450081428CE250014B4C6 /* ARResource.m */,
				78E4DFE9145B1BF700AB4BCB /* ARResource+Private.h */,
				78E4DFEA145B1BF700AB4BCB /* ARResource+Private.m */,
				78EEA7FF14CB7CEC0049AE28 /* ARConnection.h */,
				78EEA80014CB7CEC0049AE28 /* ARConnection.m */,
				78F7972D14CC48E8007A1262 /* ARConnection+Private.h */,
				78F7972E14CC48E8007A1262 /* ARConnection+Private.m */,
				780D95AF14E1D178005689CA /* ARURLConnection.h */,
				780D95B014E1D178005689CA /* ARURLConnection.m */,
				780D95A514E12D74005689CA /* ARSynchronousLoadingURLConnection.h */,
				780D95A614E12D74005689CA /* ARSynchronousLoadingURLConnection.m */,
				780D959B14E1264F005689CA /* ARQueuedLoadingURLConnection.h */,
				780D959C14E1264F005689CA /* ARQueuedLoadingURLConnection.m */,
				78D9883F14E9378E0081C350 /* ARHTTPResponse.h */,
				78D9884014E9378E0081C350 /* ARHTTPResponse.m */,
				78B95F8014CC6B6D00EEF206 /* ARHTTPMethods.h */,
				78B95F8114CC6B6D00EEF206 /* ARHTTPMethods.m */,
				7870D53814CDFED800934195 /* ARMacros.h */,
				7832702E14110B7B00ECCE7D /* ARFormat.h */,
				78444FFB142896330014B4C6 /* ARFormatMethods.h */,
				78444FFC142896330014B4C6 /* ARFormatMethods.m */,
				7832703014110BAE00ECCE7D /* ARJSONFormat.h */,
				7832703114110BAE00ECCE7D /* ARJSONFormat.m */,
				78FB0D84141A1820007AFB3D /* ARErrors.h */,
				78FB0D85141A1820007AFB3D /* ARErrors.m */,
				7846AA1E140BAAE100FE58E5 /* Supporting Files */,
			);
			path = ActiveResourceKit;
			sourceTree = "<group>";
		};
		7846AA1E140BAAE100FE58E5 /* Supporting Files */ = {
			isa = PBXGroup;
			children = (
				7835BC8D1414C47900CC4B56 /* Versioning.h */,
				7835BC8E1414C47900CC4B56 /* Versioning.m */,
				7846AA1F140BAAE100FE58E5 /* ActiveResourceKit-Info.plist */,
				7846AA20140BAAE100FE58E5 /* InfoPlist.strings */,
				7846AA23140BAAE100FE58E5 /* ActiveResourceKit-Prefix.pch */,
			);
			name = "Supporting Files";
			sourceTree = "<group>";
		};
		7846AA33140BAAE100FE58E5 /* ActiveResourceKitTests */ = {
			isa = PBXGroup;
			children = (
				7846AA39140BAAE100FE58E5 /* ActiveResourceKitTests.h */,
				7846AA3B140BAAE100FE58E5 /* ActiveResourceKitTests.m */,
				784BA19E152C8E1800D4DD97 /* ActiveResourceKitTests.xcdatamodeld */,
				78054AFB14694531007E947E /* VersioningTests.h */,
				78054AFC14694531007E947E /* VersioningTests.m */,
				7865AE65152C4738008F96CC /* IncrementalStoreTests.h */,
				7865AE66152C4738008F96CC /* IncrementalStoreTests.m */,
				786D636614DC1C8D00FCEFA7 /* KeyValueCodingTests.h */,
				786D636714DC1C8D00FCEFA7 /* KeyValueCodingTests.m */,
				7828228214686DFD005D9BD2 /* ARTestCase.h */,
				7828228314686DFD005D9BD2 /* ARTestCase.m */,
				78282272146867F5005D9BD2 /* FinderTests.h */,
				78282273146867F5005D9BD2 /* FinderTests.m */,
				78F7972314CC3D01007A1262 /* ConnectionTests.h */,
				78F7972414CC3D01007A1262 /* ConnectionTests.m */,
				780D95AB14E173B5005689CA /* BaseTests.h */,
				780D95AC14E173B5005689CA /* BaseTests.m */,
				7828227E14686A2E005D9BD2 /* Person.h */,
				7828227F14686A2E005D9BD2 /* Person.m */,
				78054AF81469299E007E947E /* Private.h */,
				7846AA34140BAAE100FE58E5 /* Supporting Files */,
			);
			path = ActiveResourceKitTests;
			sourceTree = "<group>";
		};
		7846AA34140BAAE100FE58E5 /* Supporting Files */ = {
			isa = PBXGroup;
			children = (
				7846AA35140BAAE100FE58E5 /* ActiveResourceKitTests-Info.plist */,
				7846AA36140BAAE100FE58E5 /* InfoPlist.strings */,
			);
			name = "Supporting Files";
			sourceTree = "<group>";
		};
/* End PBXGroup section */

/* Begin PBXHeadersBuildPhase section */
		7813AA981419270400523ECD /* Headers */ = {
			isa = PBXHeadersBuildPhase;
			buildActionMask = 2147483647;
			files = (
				78440D76141928B000EFBB93 /* ActiveResourceKit.h in Headers */,
				78440D77141928B000EFBB93 /* ARService.h in Headers */,
				78440D78141928B000EFBB93 /* ARFormat.h in Headers */,
				78440D79141928B000EFBB93 /* ARJSONFormat.h in Headers */,
				78440D7A141928B000EFBB93 /* Versioning.h in Headers */,
				78FB0D87141A1820007AFB3D /* ARErrors.h in Headers */,
				78444FFE142896330014B4C6 /* ARFormatMethods.h in Headers */,
				7844500A1428CE250014B4C6 /* ARResource.h in Headers */,
				784450161428EFCB0014B4C6 /* ARService+Private.h in Headers */,
				78E4DFEC145B1BF700AB4BCB /* ARResource+Private.h in Headers */,
				78EEA80214CB7CEC0049AE28 /* ARConnection.h in Headers */,
				78F7973014CC48E8007A1262 /* ARConnection+Private.h in Headers */,
				78B95F8314CC6B6D00EEF206 /* ARHTTPMethods.h in Headers */,
				7870D53B14CDFED800934195 /* ARMacros.h in Headers */,
				7834B5DE14D167C90062BB04 /* ARIncrementalStore.h in Headers */,
				786D637614DC568900FCEFA7 /* ARURLConnectionDelegate.h in Headers */,
				780D959E14E1264F005689CA /* ARQueuedLoadingURLConnection.h in Headers */,
				780D95A814E12D74005689CA /* ARSynchronousLoadingURLConnection.h in Headers */,
				780D95B214E1D178005689CA /* ARURLConnection.h in Headers */,
				78D9884214E9378E0081C350 /* ARHTTPResponse.h in Headers */,
				7870471B14EFA2BC00510373 /* NSPersistentStore+ActiveResource.h in Headers */,
				780C11FE14F06D1C007960CF /* NSManagedObject+ActiveResource.h in Headers */,
				78404E6914F17FB1005986CB /* NSEntityDescription+ActiveResource.h in Headers */,
				78B58E9D1526082100956BB9 /* NSHTTPURLResponse+ActiveResource.h in Headers */,
				78E02B11152AE884008E6EC1 /* ARIncrementalStore+Private.h in Headers */,
				78E02B17152B06FC008E6EC1 /* NSAttributeDescription+ActiveResource.h in Headers */,
			);
			runOnlyForDeploymentPostprocessing = 0;
		};
		7846AA11140BAAE100FE58E5 /* Headers */ = {
			isa = PBXHeadersBuildPhase;
			buildActionMask = 2147483647;
			files = (
				78D3D6F3140BC3B800DD4278 /* ARService.h in Headers */,
				78D3D6FB140BC5A100DD4278 /* ActiveResourceKit.h in Headers */,
				7832702F14110B7B00ECCE7D /* ARFormat.h in Headers */,
				7832703214110BAE00ECCE7D /* ARJSONFormat.h in Headers */,
				7835BC8F1414C47900CC4B56 /* Versioning.h in Headers */,
				78FB0D86141A1820007AFB3D /* ARErrors.h in Headers */,
				78444FFD142896330014B4C6 /* ARFormatMethods.h in Headers */,
				784450091428CE250014B4C6 /* ARResource.h in Headers */,
				784450151428EFCB0014B4C6 /* ARService+Private.h in Headers */,
				78E4DFEB145B1BF700AB4BCB /* ARResource+Private.h in Headers */,
				78EEA80114CB7CEC0049AE28 /* ARConnection.h in Headers */,
				78F7972F14CC48E8007A1262 /* ARConnection+Private.h in Headers */,
				78B95F8214CC6B6D00EEF206 /* ARHTTPMethods.h in Headers */,
				7870D53A14CDFED800934195 /* ARMacros.h in Headers */,
				7834B5DD14D167C90062BB04 /* ARIncrementalStore.h in Headers */,
				786D637514DC568900FCEFA7 /* ARURLConnectionDelegate.h in Headers */,
				780D959D14E1264F005689CA /* ARQueuedLoadingURLConnection.h in Headers */,
				780D95A714E12D74005689CA /* ARSynchronousLoadingURLConnection.h in Headers */,
				780D95B114E1D178005689CA /* ARURLConnection.h in Headers */,
				78D9884114E9378E0081C350 /* ARHTTPResponse.h in Headers */,
				7870471A14EFA2BC00510373 /* NSPersistentStore+ActiveResource.h in Headers */,
				780C11FD14F06D1C007960CF /* NSManagedObject+ActiveResource.h in Headers */,
				78404E6814F17FB1005986CB /* NSEntityDescription+ActiveResource.h in Headers */,
				78B58E9C1526082100956BB9 /* NSHTTPURLResponse+ActiveResource.h in Headers */,
				78E02B10152AE884008E6EC1 /* ARIncrementalStore+Private.h in Headers */,
				78E02B16152B06FC008E6EC1 /* NSAttributeDescription+ActiveResource.h in Headers */,
			);
			runOnlyForDeploymentPostprocessing = 0;
		};
/* End PBXHeadersBuildPhase section */

/* Begin PBXLegacyTarget section */
		78C21F7A14A467FD00750476 /* ActiveResourceKitPages */ = {
			isa = PBXLegacyTarget;
			buildArgumentsString = "-c \"$HOME/.rvm/bin/rvm-auto-ruby -r XcodePages -e XcodePages.doxygen_docset_install\"";
			buildConfigurationList = 78C21F7B14A467FD00750476 /* Build configuration list for PBXLegacyTarget "ActiveResourceKitPages" */;
			buildPhases = (
			);
			buildToolPath = /bin/sh;
			buildWorkingDirectory = "";
			dependencies = (
			);
			name = ActiveResourceKitPages;
			passBuildSettingsInEnvironment = 1;
			productName = ActiveResourceKitPages;
		};
/* End PBXLegacyTarget section */

/* Begin PBXNativeTarget section */
		7813AA991419270400523ECD /* ActiveResourceKitLibrary */ = {
			isa = PBXNativeTarget;
			buildConfigurationList = 7813AAB81419270400523ECD /* Build configuration list for PBXNativeTarget "ActiveResourceKitLibrary" */;
			buildPhases = (
				7813AA961419270400523ECD /* Sources */,
				7813AA971419270400523ECD /* Frameworks */,
				7813AA981419270400523ECD /* Headers */,
			);
			buildRules = (
			);
			dependencies = (
				78440D7F1419291600EFBB93 /* PBXTargetDependency */,
			);
			name = ActiveResourceKitLibrary;
			productName = ActiveResourceKitLibrary;
			productReference = 7813AA9A1419270400523ECD /* libActiveResourceKit.a */;
			productType = "com.apple.product-type.library.static";
		};
		7813AAA61419270400523ECD /* ActiveResourceKitLibraryTests */ = {
			isa = PBXNativeTarget;
			buildConfigurationList = 7813AABB1419270400523ECD /* Build configuration list for PBXNativeTarget "ActiveResourceKitLibraryTests" */;
			buildPhases = (
				7813AAA21419270400523ECD /* Sources */,
				7813AAA31419270400523ECD /* Frameworks */,
				7813AAA41419270400523ECD /* Resources */,
				7813AAA51419270400523ECD /* ShellScript */,
			);
			buildRules = (
			);
			dependencies = (
				7813AAAD1419270400523ECD /* PBXTargetDependency */,
			);
			name = ActiveResourceKitLibraryTests;
			productName = ActiveResourceKitLibraryTests;
			productReference = 7813AAA71419270400523ECD /* ActiveResourceKitLibraryTests.octest */;
			productType = "com.apple.product-type.bundle";
		};
		7846AA13140BAAE100FE58E5 /* ActiveResourceKitFramework */ = {
			isa = PBXNativeTarget;
			buildConfigurationList = 7846AA3F140BAAE100FE58E5 /* Build configuration list for PBXNativeTarget "ActiveResourceKitFramework" */;
			buildPhases = (
				7846AA0F140BAAE100FE58E5 /* Sources */,
				7846AA10140BAAE100FE58E5 /* Frameworks */,
				7846AA11140BAAE100FE58E5 /* Headers */,
				7846AA12140BAAE100FE58E5 /* Resources */,
			);
			buildRules = (
			);
			dependencies = (
				78326FD4140FE3A100ECCE7D /* PBXTargetDependency */,
			);
			name = ActiveResourceKitFramework;
			productName = ActiveResourceKit;
			productReference = 7846AA14140BAAE100FE58E5 /* ActiveResourceKit.framework */;
			productType = "com.apple.product-type.framework";
		};
		7846AA2B140BAAE100FE58E5 /* ActiveResourceKitFrameworkTests */ = {
			isa = PBXNativeTarget;
			buildConfigurationList = 7846AA42140BAAE100FE58E5 /* Build configuration list for PBXNativeTarget "ActiveResourceKitFrameworkTests" */;
			buildPhases = (
				7846AA27140BAAE100FE58E5 /* Sources */,
				7846AA28140BAAE100FE58E5 /* Frameworks */,
				7846AA29140BAAE100FE58E5 /* Resources */,
				7846AA2A140BAAE100FE58E5 /* ShellScript */,
			);
			buildRules = (
			);
			dependencies = (
				7846AA31140BAAE100FE58E5 /* PBXTargetDependency */,
			);
			name = ActiveResourceKitFrameworkTests;
			productName = ActiveResourceKitTests;
			productReference = 7846AA2C140BAAE100FE58E5 /* ActiveResourceKitFrameworkTests.octest */;
			productType = "com.apple.product-type.bundle";
		};
/* End PBXNativeTarget section */

/* Begin PBXProject section */
		7846AA0A140BAAE100FE58E5 /* Project object */ = {
			isa = PBXProject;
			attributes = {
				LastUpgradeCheck = 0450;
				ORGANIZATIONNAME = "Pioneering Software, United Kingdom";
			};
			buildConfigurationList = 7846AA0D140BAAE100FE58E5 /* Build configuration list for PBXProject "ActiveResourceKit" */;
			compatibilityVersion = "Xcode 3.2";
			developmentRegion = English;
			hasScannedForEncodings = 0;
			knownRegions = (
				en,
			);
			mainGroup = 7846AA08140BAAE100FE58E5;
			productRefGroup = 7846AA15140BAAE100FE58E5 /* Products */;
			projectDirPath = "";
			projectReferences = (
				{
					ProductGroup = 78326FBC140FE38A00ECCE7D /* Products */;
					ProjectRef = 78326FBB140FE38A00ECCE7D /* ActiveModelKit.xcodeproj */;
				},
			);
			projectRoot = "";
			targets = (
				7846AA13140BAAE100FE58E5 /* ActiveResourceKitFramework */,
				7846AA2B140BAAE100FE58E5 /* ActiveResourceKitFrameworkTests */,
				7813AA991419270400523ECD /* ActiveResourceKitLibrary */,
				7813AAA61419270400523ECD /* ActiveResourceKitLibraryTests */,
				78C21F7A14A467FD00750476 /* ActiveResourceKitPages */,
			);
		};
/* End PBXProject section */

/* Begin PBXReferenceProxy section */
		78326FCC140FE38B00ECCE7D /* ActiveModelKit.framework */ = {
			isa = PBXReferenceProxy;
			fileType = wrapper.framework;
			path = ActiveModelKit.framework;
			remoteRef = 78326FCB140FE38B00ECCE7D /* PBXContainerItemProxy */;
			sourceTree = BUILT_PRODUCTS_DIR;
		};
		78326FCE140FE38B00ECCE7D /* ActiveModelKitFrameworkTests.octest */ = {
			isa = PBXReferenceProxy;
			fileType = wrapper.cfbundle;
			path = ActiveModelKitFrameworkTests.octest;
			remoteRef = 78326FCD140FE38B00ECCE7D /* PBXContainerItemProxy */;
			sourceTree = BUILT_PRODUCTS_DIR;
		};
		78BF7F5614164D2000DB0DEA /* libActiveModelKit.a */ = {
			isa = PBXReferenceProxy;
			fileType = archive.ar;
			path = libActiveModelKit.a;
			remoteRef = 78BF7F5514164D2000DB0DEA /* PBXContainerItemProxy */;
			sourceTree = BUILT_PRODUCTS_DIR;
		};
		78BF7F5814164D2000DB0DEA /* ActiveModelKitLibraryTests.octest */ = {
			isa = PBXReferenceProxy;
			fileType = wrapper.cfbundle;
			path = ActiveModelKitLibraryTests.octest;
			remoteRef = 78BF7F5714164D2000DB0DEA /* PBXContainerItemProxy */;
			sourceTree = BUILT_PRODUCTS_DIR;
		};
/* End PBXReferenceProxy section */

/* Begin PBXResourcesBuildPhase section */
		7813AAA41419270400523ECD /* Resources */ = {
			isa = PBXResourcesBuildPhase;
			buildActionMask = 2147483647;
			files = (
			);
			runOnlyForDeploymentPostprocessing = 0;
		};
		7846AA12140BAAE100FE58E5 /* Resources */ = {
			isa = PBXResourcesBuildPhase;
			buildActionMask = 2147483647;
			files = (
				7846AA22140BAAE100FE58E5 /* InfoPlist.strings in Resources */,
			);
			runOnlyForDeploymentPostprocessing = 0;
		};
		7846AA29140BAAE100FE58E5 /* Resources */ = {
			isa = PBXResourcesBuildPhase;
			buildActionMask = 2147483647;
			files = (
				7846AA38140BAAE100FE58E5 /* InfoPlist.strings in Resources */,
				7846AA3A140BAAE100FE58E5 /* ActiveResourceKitTests.h in Resources */,
			);
			runOnlyForDeploymentPostprocessing = 0;
		};
/* End PBXResourcesBuildPhase section */

/* Begin PBXShellScriptBuildPhase section */
		7813AAA51419270400523ECD /* ShellScript */ = {
			isa = PBXShellScriptBuildPhase;
			buildActionMask = 2147483647;
			files = (
			);
			inputPaths = (
			);
			outputPaths = (
			);
			runOnlyForDeploymentPostprocessing = 0;
			shellPath = /bin/sh;
			shellScript = "# Run the unit tests in this test bundle.\n\"${SYSTEM_DEVELOPER_DIR}/Tools/RunUnitTests\"\n";
		};
		7846AA2A140BAAE100FE58E5 /* ShellScript */ = {
			isa = PBXShellScriptBuildPhase;
			buildActionMask = 2147483647;
			files = (
			);
			inputPaths = (
			);
			outputPaths = (
			);
			runOnlyForDeploymentPostprocessing = 0;
			shellPath = /bin/sh;
			shellScript = "# Run the unit tests in this test bundle.\n\"${SYSTEM_DEVELOPER_DIR}/Tools/RunUnitTests\"\n";
		};
/* End PBXShellScriptBuildPhase section */

/* Begin PBXSourcesBuildPhase section */
		7813AA961419270400523ECD /* Sources */ = {
			isa = PBXSourcesBuildPhase;
			buildActionMask = 2147483647;
			files = (
				78440D7B141928D100EFBB93 /* ARService.m in Sources */,
				78440D7C141928D100EFBB93 /* ARJSONFormat.m in Sources */,
				78440D7D141928D100EFBB93 /* Versioning.m in Sources */,
				78FB0D89141A1820007AFB3D /* ARErrors.m in Sources */,
				78445000142896330014B4C6 /* ARFormatMethods.m in Sources */,
				7844500C1428CE250014B4C6 /* ARResource.m in Sources */,
				784450181428EFCB0014B4C6 /* ARService+Private.m in Sources */,
				78E4DFEE145B1BF700AB4BCB /* ARResource+Private.m in Sources */,
				78EEA80414CB7CEC0049AE28 /* ARConnection.m in Sources */,
				78F7973214CC48E8007A1262 /* ARConnection+Private.m in Sources */,
				78B95F8514CC6B6D00EEF206 /* ARHTTPMethods.m in Sources */,
				7834B5E014D167C90062BB04 /* ARIncrementalStore.m in Sources */,
				786D637814DC568900FCEFA7 /* ARURLConnectionDelegate.m in Sources */,
				780D95A014E1264F005689CA /* ARQueuedLoadingURLConnection.m in Sources */,
				780D95AA14E12D74005689CA /* ARSynchronousLoadingURLConnection.m in Sources */,
				780D95B414E1D178005689CA /* ARURLConnection.m in Sources */,
				78D9884414E9378E0081C350 /* ARHTTPResponse.m in Sources */,
				7870471D14EFA2BC00510373 /* NSPersistentStore+ActiveResource.m in Sources */,
				780C120014F06D1C007960CF /* NSManagedObject+ActiveResource.m in Sources */,
				78404E6B14F17FB1005986CB /* NSEntityDescription+ActiveResource.m in Sources */,
				78B58E9F1526082100956BB9 /* NSHTTPURLResponse+ActiveResource.m in Sources */,
				78E02B13152AE884008E6EC1 /* ARIncrementalStore+Private.m in Sources */,
				78E02B19152B06FC008E6EC1 /* NSAttributeDescription+ActiveResource.m in Sources */,
			);
			runOnlyForDeploymentPostprocessing = 0;
		};
		7813AAA21419270400523ECD /* Sources */ = {
			isa = PBXSourcesBuildPhase;
			buildActionMask = 2147483647;
			files = (
				78282279146869A4005D9BD2 /* FinderTests.m in Sources */,
				7828228114686A2E005D9BD2 /* Person.m in Sources */,
				7828228514686DFD005D9BD2 /* ARTestCase.m in Sources */,
				78054AFA14692ABD007E947E /* ActiveResourceKitTests.m in Sources */,
				78054AFE14694531007E947E /* VersioningTests.m in Sources */,
				78F7972614CC3D01007A1262 /* ConnectionTests.m in Sources */,
				786D637114DC391000FCEFA7 /* KeyValueCodingTests.m in Sources */,
				780D95AE14E173B5005689CA /* BaseTests.m in Sources */,
				7865AE68152C4738008F96CC /* IncrementalStoreTests.m in Sources */,
				784BA1A1152C8E1800D4DD97 /* ActiveResourceKitTests.xcdatamodeld in Sources */,
			);
			runOnlyForDeploymentPostprocessing = 0;
		};
		7846AA0F140BAAE100FE58E5 /* Sources */ = {
			isa = PBXSourcesBuildPhase;
			buildActionMask = 2147483647;
			files = (
				78D3D6F4140BC3B800DD4278 /* ARService.m in Sources */,
				7832703314110BAE00ECCE7D /* ARJSONFormat.m in Sources */,
				7835BC901414C47900CC4B56 /* Versioning.m in Sources */,
				78FB0D88141A1820007AFB3D /* ARErrors.m in Sources */,
				78444FFF142896330014B4C6 /* ARFormatMethods.m in Sources */,
				7844500B1428CE250014B4C6 /* ARResource.m in Sources */,
				784450171428EFCB0014B4C6 /* ARService+Private.m in Sources */,
				78E4DFED145B1BF700AB4BCB /* ARResource+Private.m in Sources */,
				78EEA80314CB7CEC0049AE28 /* ARConnection.m in Sources */,
				78F7973114CC48E8007A1262 /* ARConnection+Private.m in Sources */,
				78B95F8414CC6B6D00EEF206 /* ARHTTPMethods.m in Sources */,
				7834B5DF14D167C90062BB04 /* ARIncrementalStore.m in Sources */,
				786D637714DC568900FCEFA7 /* ARURLConnectionDelegate.m in Sources */,
				780D959F14E1264F005689CA /* ARQueuedLoadingURLConnection.m in Sources */,
				780D95A914E12D74005689CA /* ARSynchronousLoadingURLConnection.m in Sources */,
				780D95B314E1D178005689CA /* ARURLConnection.m in Sources */,
				78D9884314E9378E0081C350 /* ARHTTPResponse.m in Sources */,
				7870471C14EFA2BC00510373 /* NSPersistentStore+ActiveResource.m in Sources */,
				780C11FF14F06D1C007960CF /* NSManagedObject+ActiveResource.m in Sources */,
				78404E6A14F17FB1005986CB /* NSEntityDescription+ActiveResource.m in Sources */,
				78B58E9E1526082100956BB9 /* NSHTTPURLResponse+ActiveResource.m in Sources */,
				78E02B12152AE884008E6EC1 /* ARIncrementalStore+Private.m in Sources */,
				78E02B18152B06FC008E6EC1 /* NSAttributeDescription+ActiveResource.m in Sources */,
			);
			runOnlyForDeploymentPostprocessing = 0;
		};
		7846AA27140BAAE100FE58E5 /* Sources */ = {
			isa = PBXSourcesBuildPhase;
			buildActionMask = 2147483647;
			files = (
				78282278146869A3005D9BD2 /* FinderTests.m in Sources */,
				7828228014686A2E005D9BD2 /* Person.m in Sources */,
				7828228414686DFD005D9BD2 /* ARTestCase.m in Sources */,
				78054AF914692ABC007E947E /* ActiveResourceKitTests.m in Sources */,
				78054AFD14694531007E947E /* VersioningTests.m in Sources */,
				78F7972514CC3D01007A1262 /* ConnectionTests.m in Sources */,
				786D637214DC391100FCEFA7 /* KeyValueCodingTests.m in Sources */,
				780D95AD14E173B5005689CA /* BaseTests.m in Sources */,
				7865AE67152C4738008F96CC /* IncrementalStoreTests.m in Sources */,
				784BA1A0152C8E1800D4DD97 /* ActiveResourceKitTests.xcdatamodeld in Sources */,
			);
			runOnlyForDeploymentPostprocessing = 0;
		};
/* End PBXSourcesBuildPhase section */

/* Begin PBXTargetDependency section */
		7813AAAD1419270400523ECD /* PBXTargetDependency */ = {
			isa = PBXTargetDependency;
			target = 7813AA991419270400523ECD /* ActiveResourceKitLibrary */;
			targetProxy = 7813AAAC1419270400523ECD /* PBXContainerItemProxy */;
		};
		78326FD4140FE3A100ECCE7D /* PBXTargetDependency */ = {
			isa = PBXTargetDependency;
			name = ActiveModelKit;
			targetProxy = 78326FD3140FE3A100ECCE7D /* PBXContainerItemProxy */;
		};
		78440D7F1419291600EFBB93 /* PBXTargetDependency */ = {
			isa = PBXTargetDependency;
			name = ActiveModelKitLibrary;
			targetProxy = 78440D7E1419291600EFBB93 /* PBXContainerItemProxy */;
		};
		7846AA31140BAAE100FE58E5 /* PBXTargetDependency */ = {
			isa = PBXTargetDependency;
			target = 7846AA13140BAAE100FE58E5 /* ActiveResourceKitFramework */;
			targetProxy = 7846AA30140BAAE100FE58E5 /* PBXContainerItemProxy */;
		};
/* End PBXTargetDependency section */

/* Begin PBXVariantGroup section */
		7846AA20140BAAE100FE58E5 /* InfoPlist.strings */ = {
			isa = PBXVariantGroup;
			children = (
				7846AA21140BAAE100FE58E5 /* en */,
			);
			name = InfoPlist.strings;
			sourceTree = "<group>";
		};
		7846AA36140BAAE100FE58E5 /* InfoPlist.strings */ = {
			isa = PBXVariantGroup;
			children = (
				7846AA37140BAAE100FE58E5 /* en */,
			);
			name = InfoPlist.strings;
			sourceTree = "<group>";
		};
/* End PBXVariantGroup section */

/* Begin XCBuildConfiguration section */
		7813AAB91419270400523ECD /* Debug */ = {
			isa = XCBuildConfiguration;
			buildSettings = {
				ARCHS = "$(ARCHS_STANDARD_32_BIT)";
				DSTROOT = /tmp/ActiveResourceKitLibrary.dst;
				GCC_PRECOMPILE_PREFIX_HEADER = YES;
				GCC_PREFIX_HEADER = "ActiveResourceKit/ActiveResourceKit-Prefix.pch";
				HEADER_SEARCH_PATHS = "$(DSTROOT)/include";
				IPHONEOS_DEPLOYMENT_TARGET = 5.0;
				OTHER_LDFLAGS = "-ObjC";
				PRODUCT_NAME = "$(PROJECT_NAME)";
				PUBLIC_HEADERS_FOLDER_PATH = "/include/$(PROJECT_NAME)";
				SDKROOT = iphoneos;
				SKIP_INSTALL = YES;
			};
			name = Debug;
		};
		7813AABA1419270400523ECD /* Release */ = {
			isa = XCBuildConfiguration;
			buildSettings = {
				ARCHS = "$(ARCHS_STANDARD_32_BIT)";
				DSTROOT = /tmp/ActiveResourceKitLibrary.dst;
				GCC_PRECOMPILE_PREFIX_HEADER = YES;
				GCC_PREFIX_HEADER = "ActiveResourceKit/ActiveResourceKit-Prefix.pch";
				HEADER_SEARCH_PATHS = "$(DSTROOT)/include";
				IPHONEOS_DEPLOYMENT_TARGET = 5.0;
				OTHER_LDFLAGS = "-ObjC";
				PRODUCT_NAME = "$(PROJECT_NAME)";
				PUBLIC_HEADERS_FOLDER_PATH = "/include/$(PROJECT_NAME)";
				SDKROOT = iphoneos;
				SKIP_INSTALL = YES;
				VALIDATE_PRODUCT = YES;
			};
			name = Release;
		};
		7813AABC1419270400523ECD /* Debug */ = {
			isa = XCBuildConfiguration;
			buildSettings = {
				ARCHS = "$(ARCHS_STANDARD_32_BIT)";
				FRAMEWORK_SEARCH_PATHS = (
					"$(SDKROOT)/Developer/Library/Frameworks",
					"$(DEVELOPER_LIBRARY_DIR)/Frameworks",
				);
				GCC_PRECOMPILE_PREFIX_HEADER = YES;
				GCC_PREFIX_HEADER = "ActiveResourceKit/ActiveResourceKit-Prefix.pch";
				GCC_PREPROCESSOR_DEFINITIONS_NOT_USED_IN_PRECOMPS = (
					"RAILS_BASE_URL=\"\\\"$(RAILS_BASE_URL)\\\"\"",
					"PROJECT_NAME_STRING=\"\\\"$(PROJECT_NAME)\\\"\"",
					"CURRENT_PROJECT_VERSION_STRING=\"\\\"$(CURRENT_PROJECT_VERSION)\\\"\"",
					"CURRENT_PROJECT_VERSION=$(CURRENT_PROJECT_VERSION)",
					"$(inherited)",
				);
				INFOPLIST_FILE = "ActiveResourceKitTests/ActiveResourceKitTests-Info.plist";
				IPHONEOS_DEPLOYMENT_TARGET = 5.0;
				OTHER_LDFLAGS = "-all_load";
				PRODUCT_NAME = "$(TARGET_NAME)";
				SDKROOT = iphoneos;
				WRAPPER_EXTENSION = octest;
			};
			name = Debug;
		};
		7813AABD1419270400523ECD /* Release */ = {
			isa = XCBuildConfiguration;
			buildSettings = {
				ARCHS = "$(ARCHS_STANDARD_32_BIT)";
				FRAMEWORK_SEARCH_PATHS = (
					"$(SDKROOT)/Developer/Library/Frameworks",
					"$(DEVELOPER_LIBRARY_DIR)/Frameworks",
				);
				GCC_PRECOMPILE_PREFIX_HEADER = YES;
				GCC_PREFIX_HEADER = "ActiveResourceKit/ActiveResourceKit-Prefix.pch";
				GCC_PREPROCESSOR_DEFINITIONS_NOT_USED_IN_PRECOMPS = (
					"RAILS_BASE_URL=\"\\\"$(RAILS_BASE_URL)\\\"\"",
					"PROJECT_NAME_STRING=\"\\\"$(PROJECT_NAME)\\\"\"",
					"CURRENT_PROJECT_VERSION_STRING=\"\\\"$(CURRENT_PROJECT_VERSION)\\\"\"",
					"CURRENT_PROJECT_VERSION=$(CURRENT_PROJECT_VERSION)",
					"$(inherited)",
				);
				INFOPLIST_FILE = "ActiveResourceKitTests/ActiveResourceKitTests-Info.plist";
				IPHONEOS_DEPLOYMENT_TARGET = 5.0;
				OTHER_LDFLAGS = "-all_load";
				PRODUCT_NAME = "$(TARGET_NAME)";
				SDKROOT = iphoneos;
				VALIDATE_PRODUCT = YES;
				WRAPPER_EXTENSION = octest;
			};
			name = Release;
		};
		7846AA3D140BAAE100FE58E5 /* Debug */ = {
			isa = XCBuildConfiguration;
			buildSettings = {
				ALWAYS_SEARCH_USER_PATHS = NO;
				ARCHS = "$(ARCHS_STANDARD_64_BIT)";
				COPY_PHASE_STRIP = NO;
				CURRENT_PROJECT_VERSION = 503.4;
				GCC_C_LANGUAGE_STANDARD = gnu99;
				GCC_DYNAMIC_NO_PIC = NO;
				GCC_ENABLE_OBJC_EXCEPTIONS = YES;
				GCC_OPTIMIZATION_LEVEL = 0;
				GCC_PREPROCESSOR_DEFINITIONS = (
					"DEBUG=1",
					"$(inherited)",
				);
				GCC_SYMBOLS_PRIVATE_EXTERN = NO;
				GCC_VERSION = com.apple.compilers.llvm.clang.1_0;
				GCC_WARN_64_TO_32_BIT_CONVERSION = YES;
				GCC_WARN_ABOUT_MISSING_PROTOTYPES = YES;
				GCC_WARN_ABOUT_RETURN_TYPE = YES;
				GCC_WARN_UNUSED_VARIABLE = YES;
				MACOSX_DEPLOYMENT_TARGET = 10.7;
				ONLY_ACTIVE_ARCH = YES;
				RAILS_BASE_URL = "http://localhost:3000";
				RAILS_ENV = development;
				SDKROOT = macosx;
				VERSIONING_SYSTEM = "apple-generic";
				VERSION_INFO_PREFIX = k;
			};
			name = Debug;
		};
		7846AA3E140BAAE100FE58E5 /* Release */ = {
			isa = XCBuildConfiguration;
			buildSettings = {
				ALWAYS_SEARCH_USER_PATHS = NO;
				ARCHS = "$(ARCHS_STANDARD_64_BIT)";
				COPY_PHASE_STRIP = YES;
				CURRENT_PROJECT_VERSION = 503.4;
				DEBUG_INFORMATION_FORMAT = "dwarf-with-dsym";
				GCC_C_LANGUAGE_STANDARD = gnu99;
				GCC_ENABLE_OBJC_EXCEPTIONS = YES;
				GCC_VERSION = com.apple.compilers.llvm.clang.1_0;
				GCC_WARN_64_TO_32_BIT_CONVERSION = YES;
				GCC_WARN_ABOUT_MISSING_PROTOTYPES = YES;
				GCC_WARN_ABOUT_RETURN_TYPE = YES;
				GCC_WARN_UNUSED_VARIABLE = YES;
				MACOSX_DEPLOYMENT_TARGET = 10.7;
				RAILS_BASE_URL = "http://localhost:3000";
				RAILS_ENV = development;
				SDKROOT = macosx;
				VERSIONING_SYSTEM = "apple-generic";
				VERSION_INFO_PREFIX = k;
			};
			name = Release;
		};
		7846AA40140BAAE100FE58E5 /* Debug */ = {
			isa = XCBuildConfiguration;
			buildSettings = {
				CLANG_ENABLE_OBJC_ARC = YES;
				COMBINE_HIDPI_IMAGES = YES;
				DYLIB_COMPATIBILITY_VERSION = 1;
				DYLIB_CURRENT_VERSION = 503.4;
				DYLIB_INSTALL_NAME_BASE = "@executable_path/../Frameworks/ObjectiveRailsKit.framework/Versions/Current/Frameworks";
				FRAMEWORK_VERSION = A;
				GCC_PRECOMPILE_PREFIX_HEADER = YES;
				GCC_PREFIX_HEADER = "ActiveResourceKit/ActiveResourceKit-Prefix.pch";
				INFOPLIST_FILE = "ActiveResourceKit/ActiveResourceKit-Info.plist";
				PRODUCT_NAME = "$(PROJECT_NAME)";
				WRAPPER_EXTENSION = framework;
			};
			name = Debug;
		};
		7846AA41140BAAE100FE58E5 /* Release */ = {
			isa = XCBuildConfiguration;
			buildSettings = {
				CLANG_ENABLE_OBJC_ARC = YES;
				COMBINE_HIDPI_IMAGES = YES;
				DYLIB_COMPATIBILITY_VERSION = 1;
				DYLIB_CURRENT_VERSION = 503.4;
				DYLIB_INSTALL_NAME_BASE = "@executable_path/../Frameworks/ObjectiveRailsKit.framework/Versions/Current/Frameworks";
				FRAMEWORK_VERSION = A;
				GCC_PRECOMPILE_PREFIX_HEADER = YES;
				GCC_PREFIX_HEADER = "ActiveResourceKit/ActiveResourceKit-Prefix.pch";
				INFOPLIST_FILE = "ActiveResourceKit/ActiveResourceKit-Info.plist";
				PRODUCT_NAME = "$(PROJECT_NAME)";
				WRAPPER_EXTENSION = framework;
			};
			name = Release;
		};
		7846AA43140BAAE100FE58E5 /* Debug */ = {
			isa = XCBuildConfiguration;
			buildSettings = {
				CLANG_ENABLE_OBJC_ARC = YES;
				COMBINE_HIDPI_IMAGES = YES;
				FRAMEWORK_SEARCH_PATHS = (
					"$(inherited)",
					"\"$(DEVELOPER_FRAMEWORKS_DIR)\"",
				);
				GCC_PRECOMPILE_PREFIX_HEADER = YES;
				GCC_PREFIX_HEADER = "ActiveResourceKit/ActiveResourceKit-Prefix.pch";
				GCC_PREPROCESSOR_DEFINITIONS_NOT_USED_IN_PRECOMPS = (
					"RAILS_BASE_URL=\"\\\"$(RAILS_BASE_URL)\\\"\"",
					"PROJECT_NAME_STRING=\"\\\"$(PROJECT_NAME)\\\"\"",
					"CURRENT_PROJECT_VERSION_STRING=\"\\\"$(CURRENT_PROJECT_VERSION)\\\"\"",
					"CURRENT_PROJECT_VERSION=$(CURRENT_PROJECT_VERSION)",
					"$(inherited)",
				);
				INFOPLIST_FILE = "ActiveResourceKitTests/ActiveResourceKitTests-Info.plist";
				PRODUCT_NAME = "$(TARGET_NAME)";
				WRAPPER_EXTENSION = octest;
			};
			name = Debug;
		};
		7846AA44140BAAE100FE58E5 /* Release */ = {
			isa = XCBuildConfiguration;
			buildSettings = {
				CLANG_ENABLE_OBJC_ARC = YES;
				COMBINE_HIDPI_IMAGES = YES;
				FRAMEWORK_SEARCH_PATHS = (
					"$(inherited)",
					"\"$(DEVELOPER_FRAMEWORKS_DIR)\"",
				);
				GCC_PRECOMPILE_PREFIX_HEADER = YES;
				GCC_PREFIX_HEADER = "ActiveResourceKit/ActiveResourceKit-Prefix.pch";
				GCC_PREPROCESSOR_DEFINITIONS_NOT_USED_IN_PRECOMPS = (
					"RAILS_BASE_URL=\"\\\"$(RAILS_BASE_URL)\\\"\"",
					"PROJECT_NAME_STRING=\"\\\"$(PROJECT_NAME)\\\"\"",
					"CURRENT_PROJECT_VERSION_STRING=\"\\\"$(CURRENT_PROJECT_VERSION)\\\"\"",
					"CURRENT_PROJECT_VERSION=$(CURRENT_PROJECT_VERSION)",
					"$(inherited)",
				);
				INFOPLIST_FILE = "ActiveResourceKitTests/ActiveResourceKitTests-Info.plist";
				PRODUCT_NAME = "$(TARGET_NAME)";
				WRAPPER_EXTENSION = octest;
			};
			name = Release;
		};
		78C21F7C14A467FD00750476 /* Debug */ = {
			isa = XCBuildConfiguration;
			buildSettings = {
				COMBINE_HIDPI_IMAGES = YES;
				DEBUGGING_SYMBOLS = YES;
				GCC_GENERATE_DEBUGGING_SYMBOLS = YES;
				GCC_OPTIMIZATION_LEVEL = 0;
				OTHER_CFLAGS = "";
				OTHER_LDFLAGS = "";
				PATH = "/bin:/usr/bin:/usr/local/bin:/Applications/Doxygen.app/Contents/Resources";
				PRODUCT_NAME = "$(TARGET_NAME)";
			};
			name = Debug;
		};
		78C21F7D14A467FD00750476 /* Release */ = {
			isa = XCBuildConfiguration;
			buildSettings = {
				COMBINE_HIDPI_IMAGES = YES;
				OTHER_CFLAGS = "";
				OTHER_LDFLAGS = "";
				PATH = "/bin:/usr/bin:/usr/local/bin:/Applications/Doxygen.app/Contents/Resources";
				PRODUCT_NAME = "$(TARGET_NAME)";
			};
			name = Release;
		};
/* End XCBuildConfiguration section */

/* Begin XCConfigurationList section */
		7813AAB81419270400523ECD /* Build configuration list for PBXNativeTarget "ActiveResourceKitLibrary" */ = {
			isa = XCConfigurationList;
			buildConfigurations = (
				7813AAB91419270400523ECD /* Debug */,
				7813AABA1419270400523ECD /* Release */,
			);
			defaultConfigurationIsVisible = 0;
			defaultConfigurationName = Release;
		};
		7813AABB1419270400523ECD /* Build configuration list for PBXNativeTarget "ActiveResourceKitLibraryTests" */ = {
			isa = XCConfigurationList;
			buildConfigurations = (
				7813AABC1419270400523ECD /* Debug */,
				7813AABD1419270400523ECD /* Release */,
			);
			defaultConfigurationIsVisible = 0;
			defaultConfigurationName = Release;
		};
		7846AA0D140BAAE100FE58E5 /* Build configuration list for PBXProject "ActiveResourceKit" */ = {
			isa = XCConfigurationList;
			buildConfigurations = (
				7846AA3D140BAAE100FE58E5 /* Debug */,
				7846AA3E140BAAE100FE58E5 /* Release */,
			);
			defaultConfigurationIsVisible = 0;
			defaultConfigurationName = Release;
		};
		7846AA3F140BAAE100FE58E5 /* Build configuration list for PBXNativeTarget "ActiveResourceKitFramework" */ = {
			isa = XCConfigurationList;
			buildConfigurations = (
				7846AA40140BAAE100FE58E5 /* Debug */,
				7846AA41140BAAE100FE58E5 /* Release */,
			);
			defaultConfigurationIsVisible = 0;
			defaultConfigurationName = Release;
		};
		7846AA42140BAAE100FE58E5 /* Build configuration list for PBXNativeTarget "ActiveResourceKitFrameworkTests" */ = {
			isa = XCConfigurationList;
			buildConfigurations = (
				7846AA43140BAAE100FE58E5 /* Debug */,
				7846AA44140BAAE100FE58E5 /* Release */,
			);
			defaultConfigurationIsVisible = 0;
			defaultConfigurationName = Release;
		};
		78C21F7B14A467FD00750476 /* Build configuration list for PBXLegacyTarget "ActiveResourceKitPages" */ = {
			isa = XCConfigurationList;
			buildConfigurations = (
				78C21F7C14A467FD00750476 /* Debug */,
				78C21F7D14A467FD00750476 /* Release */,
			);
			defaultConfigurationIsVisible = 0;
			defaultConfigurationName = Release;
		};
/* End XCConfigurationList section */

/* Begin XCVersionGroup section */
		784BA19E152C8E1800D4DD97 /* ActiveResourceKitTests.xcdatamodeld */ = {
			isa = XCVersionGroup;
			children = (
				784BA19F152C8E1800D4DD97 /* ActiveResourceKitTests.xcdatamodel */,
			);
			currentVersion = 784BA19F152C8E1800D4DD97 /* ActiveResourceKitTests.xcdatamodel */;
			path = ActiveResourceKitTests.xcdatamodeld;
			sourceTree = "<group>";
			versionGroupType = wrapper.xcdatamodel;
		};
/* End XCVersionGroup section */
	};
	rootObject = 7846AA0A140BAAE100FE58E5 /* Project object */;
}
